PODS:
  - Facebook-iOS-SDK (3.5.3)
  - Parse (1.2.11):
    - Facebook-iOS-SDK (~> 3.5)

DEPENDENCIES:
  - Facebook-iOS-SDK (~> 3.5.0)
  - Parse (~> 1.2.5)

SPEC CHECKSUMS:
  Facebook-iOS-SDK: c11e851555d8cb8b55853ec2990b01d9e343d09e
  Parse: 4e4750205c339336efd11d2fe24e8ee3112fb3db

COCOAPODS: 0.20.2
