PODS:
  - AFNetworking (1.3.3)
  - AMAttributedHighlightLabel (0.0.1)
  - BFCropInterface (1.0.0)
  - Facebook-iOS-SDK (3.10.0)
  - GHUnitIOS (0.5.8)
  - MBProgressHUD (0.8)
  - MLPAutoCompleteTextField (1.5)
  - NMPaginator (1.0.0)
  - Parse (1.2.16):
    - Facebook-iOS-SDK (~> 3.9)
  - RDGPUImage (0.1.1)
  - Reachability (3.1.1)
  - TestFlightSDK (1.3.0-beta.7)
  - TTTAttributedLabel (1.7.5)

DEPENDENCIES:
  - AFNetworking (~> 1.3.3)
  - AMAttributedHighlightLabel (~> 0.0.1)
  - BFCropInterface (~> 1.0.0)
  - GHUnitIOS (~> 0.5.6)
  - MBProgressHUD (~> 0.5)
  - MLPAutoCompleteTextField (~> 1.5)
  - NMPaginator (~> 1.0.0)
  - Parse (~> 1.2.15)
  - RDGPUImage (~> 0.1.1)
  - Reachability (~> 3.1.1)
  - TestFlightSDK (~> 1.3.0.beta2)
  - TTTAttributedLabel

SPEC CHECKSUMS:
  AFNetworking: 0700ec7a58c36ad217173e167f6e4df7270df66b
  AMAttributedHighlightLabel: fe668dddfcdabb2dcc32cec46d7371bcf845897c
  BFCropInterface: 4f54f2d79ec4f9c2778c56c2a2ffb0dcdc3520ff
  Facebook-iOS-SDK: ef402579aeb30cf0c4a6370fb0a927e3dc3059e5
  GHUnitIOS: 23167e22b8abe162d71f86bd4bda7550e53414cb
  MBProgressHUD: 2bbc6f470111daf7f3eaa4eb12b8cbf01c4c0622
  MLPAutoCompleteTextField: 8baf7b9a78cbc6022a50f985c1c56784248821fe
  NMPaginator: 01e7f436e657730d3ffefa66dc6ce9f41bdf42ea
  Parse: 18f62939dd2d13a66270f4cb9a98401d88e3ad54
  RDGPUImage: 795bb8541f3a659714835481e4575787b6ee7989
  Reachability: be4883bb93f31e38266ae3365e5600a317aae735
  TestFlightSDK: 3af0a385405725e36452a35ef63ba8b3f2ef3ffc
  TTTAttributedLabel: 1eb635d4d844cb7abce4d839faefca2a3409950d

COCOAPODS: 0.26.2
