// !$*UTF8*$!
{
	archiveVersion = 1;
	classes = {
	};
	objectVersion = 46;
	objects = {

/* Begin PBXBuildFile section */
		A7529514BD6442958BAD38F1 /* libPods.a in Frameworks */ = {isa = PBXBuildFile; fileRef = 9C6EAD71127F4CBDB5EAA73F /* libPods.a */; };
		E61FF32F17BDFBBD00F1D648 /* RegisterViewController.m in Sources */ = {isa = PBXBuildFile; fileRef = E61FF32E17BDFBBD00F1D648 /* RegisterViewController.m */; };
		E6332AE817C3245800F6CEFA /* LogInViewController.m in Sources */ = {isa = PBXBuildFile; fileRef = E6332AE717C3245800F6CEFA /* LogInViewController.m */; };
		E6332AEB17C32A8600F6CEFA /* MainMenuViewController.m in Sources */ = {isa = PBXBuildFile; fileRef = E6332AEA17C32A8600F6CEFA /* MainMenuViewController.m */; };
		E669620C17CC9DBE004F8231 /* BFCropInterface.m in Sources */ = {isa = PBXBuildFile; fileRef = E669620B17CC9DBD004F8231 /* BFCropInterface.m */; };
		E672104117CDC89700C8B3AA /* UIImage+Filters.m in Sources */ = {isa = PBXBuildFile; fileRef = E672104017CDC89700C8B3AA /* UIImage+Filters.m */; };
		E6782BFB17C7148C0062EBAC /* CropPhotoViewController.m in Sources */ = {isa = PBXBuildFile; fileRef = E6782BFA17C7148C0062EBAC /* CropPhotoViewController.m */; };
		E6CB3C0417BDD580003FC378 /* UIKit.framework in Frameworks */ = {isa = PBXBuildFile; fileRef = E6CB3C0317BDD580003FC378 /* UIKit.framework */; };
		E6CB3C0617BDD580003FC378 /* Foundation.framework in Frameworks */ = {isa = PBXBuildFile; fileRef = E6CB3C0517BDD580003FC378 /* Foundation.framework */; };
		E6CB3C0817BDD580003FC378 /* CoreGraphics.framework in Frameworks */ = {isa = PBXBuildFile; fileRef = E6CB3C0717BDD580003FC378 /* CoreGraphics.framework */; };
		E6CB3C0E17BDD580003FC378 /* InfoPlist.strings in Resources */ = {isa = PBXBuildFile; fileRef = E6CB3C0C17BDD580003FC378 /* InfoPlist.strings */; };
		E6CB3C1017BDD580003FC378 /* main.m in Sources */ = {isa = PBXBuildFile; fileRef = E6CB3C0F17BDD580003FC378 /* main.m */; };
		E6CB3C1417BDD580003FC378 /* AppDelegate.m in Sources */ = {isa = PBXBuildFile; fileRef = E6CB3C1317BDD580003FC378 /* AppDelegate.m */; };
		E6CB3C1617BDD580003FC378 /* Default.png in Resources */ = {isa = PBXBuildFile; fileRef = E6CB3C1517BDD580003FC378 /* Default.png */; };
		E6CB3C1817BDD580003FC378 /* Default@2x.png in Resources */ = {isa = PBXBuildFile; fileRef = E6CB3C1717BDD580003FC378 /* Default@2x.png */; };
		E6CB3C1A17BDD580003FC378 /* Default-568h@2x.png in Resources */ = {isa = PBXBuildFile; fileRef = E6CB3C1917BDD580003FC378 /* Default-568h@2x.png */; };
		E6CB3C1D17BDD580003FC378 /* MainStoryboard.storyboard in Resources */ = {isa = PBXBuildFile; fileRef = E6CB3C1B17BDD580003FC378 /* MainStoryboard.storyboard */; };
		E6D9C7D717C5FB5700F7BE4B /* TakePhotoViewController.m in Sources */ = {isa = PBXBuildFile; fileRef = E6D9C7D617C5FB5700F7BE4B /* TakePhotoViewController.m */; };
		E6FD22FB17C692FC00BD28C6 /* CameraOverlayView.xib in Resources */ = {isa = PBXBuildFile; fileRef = E6FD22FA17C692FC00BD28C6 /* CameraOverlayView.xib */; };
/* End PBXBuildFile section */

/* Begin PBXFileReference section */
		9C6EAD71127F4CBDB5EAA73F /* libPods.a */ = {isa = PBXFileReference; explicitFileType = archive.ar; includeInIndex = 0; path = libPods.a; sourceTree = BUILT_PRODUCTS_DIR; };
		AB189CE549854FD58563ABC5 /* Pods.xcconfig */ = {isa = PBXFileReference; includeInIndex = 1; lastKnownFileType = text.xcconfig; name = Pods.xcconfig; path = Pods/Pods.xcconfig; sourceTree = SOURCE_ROOT; };
		E61FF32D17BDFBBD00F1D648 /* RegisterViewController.h */ = {isa = PBXFileReference; fileEncoding = 4; lastKnownFileType = sourcecode.c.h; path = RegisterViewController.h; sourceTree = "<group>"; };
		E61FF32E17BDFBBD00F1D648 /* RegisterViewController.m */ = {isa = PBXFileReference; fileEncoding = 4; lastKnownFileType = sourcecode.c.objc; path = RegisterViewController.m; sourceTree = "<group>"; };
		E6332AE617C3245800F6CEFA /* LogInViewController.h */ = {isa = PBXFileReference; fileEncoding = 4; lastKnownFileType = sourcecode.c.h; path = LogInViewController.h; sourceTree = "<group>"; };
		E6332AE717C3245800F6CEFA /* LogInViewController.m */ = {isa = PBXFileReference; fileEncoding = 4; lastKnownFileType = sourcecode.c.objc; path = LogInViewController.m; sourceTree = "<group>"; };
		E6332AE917C32A8600F6CEFA /* MainMenuViewController.h */ = {isa = PBXFileReference; fileEncoding = 4; lastKnownFileType = sourcecode.c.h; path = MainMenuViewController.h; sourceTree = "<group>"; };
		E6332AEA17C32A8600F6CEFA /* MainMenuViewController.m */ = {isa = PBXFileReference; fileEncoding = 4; lastKnownFileType = sourcecode.c.objc; path = MainMenuViewController.m; sourceTree = "<group>"; };
		E669620A17CC9DBD004F8231 /* BFCropInterface.h */ = {isa = PBXFileReference; fileEncoding = 4; lastKnownFileType = sourcecode.c.h; path = BFCropInterface.h; sourceTree = "<group>"; };
		E669620B17CC9DBD004F8231 /* BFCropInterface.m */ = {isa = PBXFileReference; fileEncoding = 4; lastKnownFileType = sourcecode.c.objc; path = BFCropInterface.m; sourceTree = "<group>"; };
		E672103F17CDC89700C8B3AA /* UIImage+Filters.h */ = {isa = PBXFileReference; fileEncoding = 4; lastKnownFileType = sourcecode.c.h; path = "UIImage+Filters.h"; sourceTree = "<group>"; };
		E672104017CDC89700C8B3AA /* UIImage+Filters.m */ = {isa = PBXFileReference; fileEncoding = 4; lastKnownFileType = sourcecode.c.objc; path = "UIImage+Filters.m"; sourceTree = "<group>"; };
		E6782BF917C7148C0062EBAC /* CropPhotoViewController.h */ = {isa = PBXFileReference; fileEncoding = 4; lastKnownFileType = sourcecode.c.h; path = CropPhotoViewController.h; sourceTree = "<group>"; };
		E6782BFA17C7148C0062EBAC /* CropPhotoViewController.m */ = {isa = PBXFileReference; fileEncoding = 4; lastKnownFileType = sourcecode.c.objc; path = CropPhotoViewController.m; sourceTree = "<group>"; };
		E6CB3C0017BDD580003FC378 /* gravitly-ios.app */ = {isa = PBXFileReference; explicitFileType = wrapper.application; includeInIndex = 0; path = "gravitly-ios.app"; sourceTree = BUILT_PRODUCTS_DIR; };
		E6CB3C0317BDD580003FC378 /* UIKit.framework */ = {isa = PBXFileReference; lastKnownFileType = wrapper.framework; name = UIKit.framework; path = System/Library/Frameworks/UIKit.framework; sourceTree = SDKROOT; };
		E6CB3C0517BDD580003FC378 /* Foundation.framework */ = {isa = PBXFileReference; lastKnownFileType = wrapper.framework; name = Foundation.framework; path = System/Library/Frameworks/Foundation.framework; sourceTree = SDKROOT; };
		E6CB3C0717BDD580003FC378 /* CoreGraphics.framework */ = {isa = PBXFileReference; lastKnownFileType = wrapper.framework; name = CoreGraphics.framework; path = System/Library/Frameworks/CoreGraphics.framework; sourceTree = SDKROOT; };
		E6CB3C0B17BDD580003FC378 /* gravitly-ios-Info.plist */ = {isa = PBXFileReference; lastKnownFileType = text.plist.xml; path = "gravitly-ios-Info.plist"; sourceTree = "<group>"; };
		E6CB3C0D17BDD580003FC378 /* en */ = {isa = PBXFileReference; lastKnownFileType = text.plist.strings; name = en; path = en.lproj/InfoPlist.strings; sourceTree = "<group>"; };
		E6CB3C0F17BDD580003FC378 /* main.m */ = {isa = PBXFileReference; lastKnownFileType = sourcecode.c.objc; path = main.m; sourceTree = "<group>"; };
		E6CB3C1117BDD580003FC378 /* gravitly-ios-Prefix.pch */ = {isa = PBXFileReference; lastKnownFileType = sourcecode.c.h; path = "gravitly-ios-Prefix.pch"; sourceTree = "<group>"; };
		E6CB3C1217BDD580003FC378 /* AppDelegate.h */ = {isa = PBXFileReference; lastKnownFileType = sourcecode.c.h; path = AppDelegate.h; sourceTree = "<group>"; };
		E6CB3C1317BDD580003FC378 /* AppDelegate.m */ = {isa = PBXFileReference; lastKnownFileType = sourcecode.c.objc; path = AppDelegate.m; sourceTree = "<group>"; };
		E6CB3C1517BDD580003FC378 /* Default.png */ = {isa = PBXFileReference; lastKnownFileType = image.png; path = Default.png; sourceTree = "<group>"; };
		E6CB3C1717BDD580003FC378 /* Default@2x.png */ = {isa = PBXFileReference; lastKnownFileType = image.png; path = "Default@2x.png"; sourceTree = "<group>"; };
		E6CB3C1917BDD580003FC378 /* Default-568h@2x.png */ = {isa = PBXFileReference; lastKnownFileType = image.png; path = "Default-568h@2x.png"; sourceTree = "<group>"; };
		E6CB3C1C17BDD580003FC378 /* en */ = {isa = PBXFileReference; lastKnownFileType = file.storyboard; name = en; path = en.lproj/MainStoryboard.storyboard; sourceTree = "<group>"; };
		E6D9C7D517C5FB5700F7BE4B /* TakePhotoViewController.h */ = {isa = PBXFileReference; fileEncoding = 4; lastKnownFileType = sourcecode.c.h; path = TakePhotoViewController.h; sourceTree = "<group>"; };
		E6D9C7D617C5FB5700F7BE4B /* TakePhotoViewController.m */ = {isa = PBXFileReference; fileEncoding = 4; lastKnownFileType = sourcecode.c.objc; path = TakePhotoViewController.m; sourceTree = "<group>"; };
		E6FD22FA17C692FC00BD28C6 /* CameraOverlayView.xib */ = {isa = PBXFileReference; fileEncoding = 4; lastKnownFileType = file.xib; path = CameraOverlayView.xib; sourceTree = "<group>"; };
/* End PBXFileReference section */

/* Begin PBXFrameworksBuildPhase section */
		E6CB3BFD17BDD580003FC378 /* Frameworks */ = {
			isa = PBXFrameworksBuildPhase;
			buildActionMask = 2147483647;
			files = (
				E6CB3C0417BDD580003FC378 /* UIKit.framework in Frameworks */,
				E6CB3C0617BDD580003FC378 /* Foundation.framework in Frameworks */,
				E6CB3C0817BDD580003FC378 /* CoreGraphics.framework in Frameworks */,
				A7529514BD6442958BAD38F1 /* libPods.a in Frameworks */,
			);
			runOnlyForDeploymentPostprocessing = 0;
		};
/* End PBXFrameworksBuildPhase section */

/* Begin PBXGroup section */
		E61FF32B17BDECF700F1D648 /* AppDelegate */ = {
			isa = PBXGroup;
			children = (
				E6CB3C1217BDD580003FC378 /* AppDelegate.h */,
				E6CB3C1317BDD580003FC378 /* AppDelegate.m */,
				E6CB3C1B17BDD580003FC378 /* MainStoryboard.storyboard */,
				E6FD22FA17C692FC00BD28C6 /* CameraOverlayView.xib */,
			);
			name = AppDelegate;
			sourceTree = "<group>";
		};
		E61FF32C17BDFB3600F1D648 /* Controllers */ = {
			isa = PBXGroup;
			children = (
				E669620A17CC9DBD004F8231 /* BFCropInterface.h */,
				E669620B17CC9DBD004F8231 /* BFCropInterface.m */,
				E61FF32D17BDFBBD00F1D648 /* RegisterViewController.h */,
				E61FF32E17BDFBBD00F1D648 /* RegisterViewController.m */,
				E6332AE617C3245800F6CEFA /* LogInViewController.h */,
				E6332AE717C3245800F6CEFA /* LogInViewController.m */,
				E6332AE917C32A8600F6CEFA /* MainMenuViewController.h */,
				E6332AEA17C32A8600F6CEFA /* MainMenuViewController.m */,
				E6D9C7D517C5FB5700F7BE4B /* TakePhotoViewController.h */,
				E6D9C7D617C5FB5700F7BE4B /* TakePhotoViewController.m */,
				E6782BF917C7148C0062EBAC /* CropPhotoViewController.h */,
				E6782BFA17C7148C0062EBAC /* CropPhotoViewController.m */,
			);
			name = Controllers;
			sourceTree = "<group>";
		};
		E672103E17CDC87000C8B3AA /* Camera Filters */ = {
			isa = PBXGroup;
			children = (
				E672103F17CDC89700C8B3AA /* UIImage+Filters.h */,
				E672104017CDC89700C8B3AA /* UIImage+Filters.m */,
			);
			name = "Camera Filters";
			sourceTree = "<group>";
		};
		E6CB3BF717BDD580003FC378 = {
			isa = PBXGroup;
			children = (
				E672103E17CDC87000C8B3AA /* Camera Filters */,
				E6CB3C0917BDD580003FC378 /* gravitly-ios */,
				E6CB3C0217BDD580003FC378 /* Frameworks */,
				E6CB3C0117BDD580003FC378 /* Products */,
				AB189CE549854FD58563ABC5 /* Pods.xcconfig */,
			);
			sourceTree = "<group>";
		};
		E6CB3C0117BDD580003FC378 /* Products */ = {
			isa = PBXGroup;
			children = (
				E6CB3C0017BDD580003FC378 /* gravitly-ios.app */,
			);
			name = Products;
			sourceTree = "<group>";
		};
		E6CB3C0217BDD580003FC378 /* Frameworks */ = {
			isa = PBXGroup;
			children = (
				E6CB3C0317BDD580003FC378 /* UIKit.framework */,
				E6CB3C0517BDD580003FC378 /* Foundation.framework */,
				E6CB3C0717BDD580003FC378 /* CoreGraphics.framework */,
				9C6EAD71127F4CBDB5EAA73F /* libPods.a */,
			);
			name = Frameworks;
			sourceTree = "<group>";
		};
		E6CB3C0917BDD580003FC378 /* gravitly-ios */ = {
			isa = PBXGroup;
			children = (
				E61FF32B17BDECF700F1D648 /* AppDelegate */,
				E6CB3C0A17BDD580003FC378 /* Supporting Files */,
				E61FF32C17BDFB3600F1D648 /* Controllers */,
			);
			path = "gravitly-ios";
			sourceTree = "<group>";
		};
		E6CB3C0A17BDD580003FC378 /* Supporting Files */ = {
			isa = PBXGroup;
			children = (
				E6CB3C0B17BDD580003FC378 /* gravitly-ios-Info.plist */,
				E6CB3C0C17BDD580003FC378 /* InfoPlist.strings */,
				E6CB3C0F17BDD580003FC378 /* main.m */,
				E6CB3C1117BDD580003FC378 /* gravitly-ios-Prefix.pch */,
				E6CB3C1517BDD580003FC378 /* Default.png */,
				E6CB3C1717BDD580003FC378 /* Default@2x.png */,
				E6CB3C1917BDD580003FC378 /* Default-568h@2x.png */,
			);
			name = "Supporting Files";
			sourceTree = "<group>";
		};
/* End PBXGroup section */

/* Begin PBXNativeTarget section */
		E6CB3BFF17BDD580003FC378 /* gravitly-ios */ = {
			isa = PBXNativeTarget;
			buildConfigurationList = E6CB3C2317BDD580003FC378 /* Build configuration list for PBXNativeTarget "gravitly-ios" */;
			buildPhases = (
				5AD5842C00CD41D989BE78A7 /* Check Pods Manifest.lock */,
				E6CB3BFC17BDD580003FC378 /* Sources */,
				E6CB3BFD17BDD580003FC378 /* Frameworks */,
				E6CB3BFE17BDD580003FC378 /* Resources */,
				DC4F125BA9BB41A9A245272B /* Copy Pods Resources */,
			);
			buildRules = (
			);
			dependencies = (
			);
			name = "gravitly-ios";
			productName = "gravitly-ios";
			productReference = E6CB3C0017BDD580003FC378 /* gravitly-ios.app */;
			productType = "com.apple.product-type.application";
		};
/* End PBXNativeTarget section */

/* Begin PBXProject section */
		E6CB3BF817BDD580003FC378 /* Project object */ = {
			isa = PBXProject;
			attributes = {
				LastUpgradeCheck = 0460;
				ORGANIZATIONNAME = "Geric Encarnacion";
			};
			buildConfigurationList = E6CB3BFB17BDD580003FC378 /* Build configuration list for PBXProject "gravitly-ios" */;
			compatibilityVersion = "Xcode 3.2";
			developmentRegion = English;
			hasScannedForEncodings = 0;
			knownRegions = (
				en,
			);
			mainGroup = E6CB3BF717BDD580003FC378;
			productRefGroup = E6CB3C0117BDD580003FC378 /* Products */;
			projectDirPath = "";
			projectRoot = "";
			targets = (
				E6CB3BFF17BDD580003FC378 /* gravitly-ios */,
			);
		};
/* End PBXProject section */

/* Begin PBXResourcesBuildPhase section */
		E6CB3BFE17BDD580003FC378 /* Resources */ = {
			isa = PBXResourcesBuildPhase;
			buildActionMask = 2147483647;
			files = (
				E6CB3C0E17BDD580003FC378 /* InfoPlist.strings in Resources */,
				E6CB3C1617BDD580003FC378 /* Default.png in Resources */,
				E6CB3C1817BDD580003FC378 /* Default@2x.png in Resources */,
				E6CB3C1A17BDD580003FC378 /* Default-568h@2x.png in Resources */,
				E6CB3C1D17BDD580003FC378 /* MainStoryboard.storyboard in Resources */,
				E6FD22FB17C692FC00BD28C6 /* CameraOverlayView.xib in Resources */,
			);
			runOnlyForDeploymentPostprocessing = 0;
		};
/* End PBXResourcesBuildPhase section */

/* Begin PBXShellScriptBuildPhase section */
		5AD5842C00CD41D989BE78A7 /* Check Pods Manifest.lock */ = {
			isa = PBXShellScriptBuildPhase;
			buildActionMask = 2147483647;
			files = (
			);
			inputPaths = (
			);
			name = "Check Pods Manifest.lock";
			outputPaths = (
			);
			runOnlyForDeploymentPostprocessing = 0;
			shellPath = /bin/sh;
			shellScript = "diff \"${PODS_ROOT}/../Podfile.lock\" \"${PODS_ROOT}/Manifest.lock\" > /dev/null\nif [[ $? != 0 ]] ; then\n    cat << EOM\nerror: The sandbox is not in sync with the Podfile.lock. Run 'pod install' or update your CocoaPods installation.\nEOM\n    exit 1\nfi\n";
		};
		DC4F125BA9BB41A9A245272B /* Copy Pods Resources */ = {
			isa = PBXShellScriptBuildPhase;
			buildActionMask = 2147483647;
			files = (
			);
			inputPaths = (
			);
			name = "Copy Pods Resources";
			outputPaths = (
			);
			runOnlyForDeploymentPostprocessing = 0;
			shellPath = /bin/sh;
			shellScript = "\"${SRCROOT}/Pods/Pods-resources.sh\"\n";
		};
/* End PBXShellScriptBuildPhase section */

/* Begin PBXSourcesBuildPhase section */
		E6CB3BFC17BDD580003FC378 /* Sources */ = {
			isa = PBXSourcesBuildPhase;
			buildActionMask = 2147483647;
			files = (
				E6CB3C1017BDD580003FC378 /* main.m in Sources */,
				E6CB3C1417BDD580003FC378 /* AppDelegate.m in Sources */,
				E61FF32F17BDFBBD00F1D648 /* RegisterViewController.m in Sources */,
				E6332AE817C3245800F6CEFA /* LogInViewController.m in Sources */,
				E6332AEB17C32A8600F6CEFA /* MainMenuViewController.m in Sources */,
				E6D9C7D717C5FB5700F7BE4B /* TakePhotoViewController.m in Sources */,
				E6782BFB17C7148C0062EBAC /* CropPhotoViewController.m in Sources */,
				E669620C17CC9DBE004F8231 /* BFCropInterface.m in Sources */,
				E672104117CDC89700C8B3AA /* UIImage+Filters.m in Sources */,
			);
			runOnlyForDeploymentPostprocessing = 0;
		};
/* End PBXSourcesBuildPhase section */

/* Begin PBXVariantGroup section */
		E6CB3C0C17BDD580003FC378 /* InfoPlist.strings */ = {
			isa = PBXVariantGroup;
			children = (
				E6CB3C0D17BDD580003FC378 /* en */,
			);
			name = InfoPlist.strings;
			sourceTree = "<group>";
		};
		E6CB3C1B17BDD580003FC378 /* MainStoryboard.storyboard */ = {
			isa = PBXVariantGroup;
			children = (
				E6CB3C1C17BDD580003FC378 /* en */,
			);
			name = MainStoryboard.storyboard;
			sourceTree = "<group>";
		};
/* End PBXVariantGroup section */

/* Begin XCBuildConfiguration section */
		E6CB3C2117BDD580003FC378 /* Debug */ = {
			isa = XCBuildConfiguration;
			buildSettings = {
				ALWAYS_SEARCH_USER_PATHS = NO;
				CLANG_CXX_LANGUAGE_STANDARD = "gnu++0x";
				CLANG_CXX_LIBRARY = "libc++";
				CLANG_ENABLE_OBJC_ARC = YES;
				CLANG_WARN_CONSTANT_CONVERSION = YES;
				CLANG_WARN_EMPTY_BODY = YES;
				CLANG_WARN_ENUM_CONVERSION = YES;
				CLANG_WARN_INT_CONVERSION = YES;
				CLANG_WARN__DUPLICATE_METHOD_MATCH = YES;
				"CODE_SIGN_IDENTITY[sdk=iphoneos*]" = "iPhone Developer";
				COPY_PHASE_STRIP = NO;
				GCC_C_LANGUAGE_STANDARD = gnu99;
				GCC_DYNAMIC_NO_PIC = NO;
				GCC_OPTIMIZATION_LEVEL = 0;
				GCC_PREPROCESSOR_DEFINITIONS = (
					"DEBUG=1",
					"$(inherited)",
				);
				GCC_SYMBOLS_PRIVATE_EXTERN = NO;
				GCC_WARN_ABOUT_RETURN_TYPE = YES;
				GCC_WARN_UNINITIALIZED_AUTOS = YES;
				GCC_WARN_UNUSED_VARIABLE = YES;
				IPHONEOS_DEPLOYMENT_TARGET = 6.1;
				ONLY_ACTIVE_ARCH = YES;
				SDKROOT = iphoneos;
			};
			name = Debug;
		};
		E6CB3C2217BDD580003FC378 /* Release */ = {
			isa = XCBuildConfiguration;
			buildSettings = {
				ALWAYS_SEARCH_USER_PATHS = NO;
				CLANG_CXX_LANGUAGE_STANDARD = "gnu++0x";
				CLANG_CXX_LIBRARY = "libc++";
				CLANG_ENABLE_OBJC_ARC = YES;
				CLANG_WARN_CONSTANT_CONVERSION = YES;
				CLANG_WARN_EMPTY_BODY = YES;
				CLANG_WARN_ENUM_CONVERSION = YES;
				CLANG_WARN_INT_CONVERSION = YES;
				CLANG_WARN__DUPLICATE_METHOD_MATCH = YES;
				"CODE_SIGN_IDENTITY[sdk=iphoneos*]" = "iPhone Developer";
				COPY_PHASE_STRIP = YES;
				GCC_C_LANGUAGE_STANDARD = gnu99;
				GCC_WARN_ABOUT_RETURN_TYPE = YES;
				GCC_WARN_UNINITIALIZED_AUTOS = YES;
				GCC_WARN_UNUSED_VARIABLE = YES;
				IPHONEOS_DEPLOYMENT_TARGET = 6.1;
				OTHER_CFLAGS = "-DNS_BLOCK_ASSERTIONS=1";
				SDKROOT = iphoneos;
				VALIDATE_PRODUCT = YES;
			};
			name = Release;
		};
		E6CB3C2417BDD580003FC378 /* Debug */ = {
			isa = XCBuildConfiguration;
			baseConfigurationReference = AB189CE549854FD58563ABC5 /* Pods.xcconfig */;
			buildSettings = {
				GCC_PRECOMPILE_PREFIX_HEADER = YES;
				GCC_PREFIX_HEADER = "gravitly-ios/gravitly-ios-Prefix.pch";
				INFOPLIST_FILE = "gravitly-ios/gravitly-ios-Info.plist";
				PRODUCT_NAME = "$(TARGET_NAME)";
				WRAPPER_EXTENSION = app;
			};
			name = Debug;
		};
		E6CB3C2517BDD580003FC378 /* Release */ = {
			isa = XCBuildConfiguration;
			baseConfigurationReference = AB189CE549854FD58563ABC5 /* Pods.xcconfig */;
			buildSettings = {
				GCC_PRECOMPILE_PREFIX_HEADER = YES;
				GCC_PREFIX_HEADER = "gravitly-ios/gravitly-ios-Prefix.pch";
				INFOPLIST_FILE = "gravitly-ios/gravitly-ios-Info.plist";
				PRODUCT_NAME = "$(TARGET_NAME)";
				WRAPPER_EXTENSION = app;
			};
			name = Release;
		};
/* End XCBuildConfiguration section */

/* Begin XCConfigurationList section */
		E6CB3BFB17BDD580003FC378 /* Build configuration list for PBXProject "gravitly-ios" */ = {
			isa = XCConfigurationList;
			buildConfigurations = (
				E6CB3C2117BDD580003FC378 /* Debug */,
				E6CB3C2217BDD580003FC378 /* Release */,
			);
			defaultConfigurationIsVisible = 0;
			defaultConfigurationName = Release;
		};
		E6CB3C2317BDD580003FC378 /* Build configuration list for PBXNativeTarget "gravitly-ios" */ = {
			isa = XCConfigurationList;
			buildConfigurations = (
				E6CB3C2417BDD580003FC378 /* Debug */,
				E6CB3C2517BDD580003FC378 /* Release */,
			);
			defaultConfigurationIsVisible = 0;
			defaultConfigurationName = Release;
		};
/* End XCConfigurationList section */
	};
	rootObject = E6CB3BF817BDD580003FC378 /* Project object */;
}
