// !$*UTF8*$!
{
	archiveVersion = 1;
	classes = {
	};
	objectVersion = 46;
	objects = {

/* Begin PBXBuildFile section */
		A7529514BD6442958BAD38F1 /* libPods.a in Frameworks */ = {isa = PBXBuildFile; fileRef = 9C6EAD71127F4CBDB5EAA73F /* libPods.a */; };
		E501A38A17EBFE4B00753CA0 /* GVHTTPClient.m in Sources */ = {isa = PBXBuildFile; fileRef = E501A38917EBFE4B00753CA0 /* GVHTTPClient.m */; };
		E50A261A17D9A45B00DED805 /* check-big.png in Resources */ = {isa = PBXBuildFile; fileRef = E50A261917D9A45B00DED805 /* check-big.png */; };
		E50A261C17D9A46700DED805 /* check-big@2x.png in Resources */ = {isa = PBXBuildFile; fileRef = E50A261B17D9A46700DED805 /* check-big@2x.png */; };
		E5144FC717F011A40065C2A9 /* UIImage+Alpha.m in Sources */ = {isa = PBXBuildFile; fileRef = E5144FC217F011A40065C2A9 /* UIImage+Alpha.m */; };
		E5144FC817F011A40065C2A9 /* UIImage+Resize.m in Sources */ = {isa = PBXBuildFile; fileRef = E5144FC417F011A40065C2A9 /* UIImage+Resize.m */; };
		E5144FC917F011A40065C2A9 /* UIImage+RoundedCorner.m in Sources */ = {isa = PBXBuildFile; fileRef = E5144FC617F011A40065C2A9 /* UIImage+RoundedCorner.m */; };
		E54160D317D73C3E00A51F17 /* TabBarViewController.m in Sources */ = {isa = PBXBuildFile; fileRef = E54160D217D73C3E00A51F17 /* TabBarViewController.m */; };
		E54160D617D73CD600A51F17 /* CameraViewController.m in Sources */ = {isa = PBXBuildFile; fileRef = E54160D517D73CD600A51F17 /* CameraViewController.m */; };
		E5561D3117EAAB02001C2161 /* GVNavButton.m in Sources */ = {isa = PBXBuildFile; fileRef = E5561D3017EAAB02001C2161 /* GVNavButton.m */; };
		E5561D3417EAE4FF001C2161 /* GVAFHTTPManager.m in Sources */ = {isa = PBXBuildFile; fileRef = E5561D3317EAE4FF001C2161 /* GVAFHTTPManager.m */; };
		E55A396A17DDB4A100DC172F /* ScoutViewController.m in Sources */ = {isa = PBXBuildFile; fileRef = E55A396917DDB4A100DC172F /* ScoutViewController.m */; };
		E566858017D9CBBC00D76112 /* camera-grid.png in Resources */ = {isa = PBXBuildFile; fileRef = E566857F17D9CBBC00D76112 /* camera-grid.png */; };
		E566858217D9CBC500D76112 /* camera-grid@2x.png in Resources */ = {isa = PBXBuildFile; fileRef = E566858117D9CBC500D76112 /* camera-grid@2x.png */; };
		E5951BB417D6BF760040E1D8 /* GVColor.m in Sources */ = {isa = PBXBuildFile; fileRef = E5951BB317D6BF760040E1D8 /* GVColor.m */; };
		E5951BB617D6C4860040E1D8 /* SocialMediaAccountsView.xib in Resources */ = {isa = PBXBuildFile; fileRef = E5951BB517D6C4860040E1D8 /* SocialMediaAccountsView.xib */; };
		E5951BBC17D6C4E70040E1D8 /* SocialMediaAccountsController.m in Sources */ = {isa = PBXBuildFile; fileRef = E5951BBB17D6C4E70040E1D8 /* SocialMediaAccountsController.m */; };
		E5951BBF17D6CD610040E1D8 /* GVLabel.m in Sources */ = {isa = PBXBuildFile; fileRef = E5951BBE17D6CD610040E1D8 /* GVLabel.m */; };
		E5951BC217D6DBA50040E1D8 /* SplashViewController.m in Sources */ = {isa = PBXBuildFile; fileRef = E5951BC117D6DBA50040E1D8 /* SplashViewController.m */; };
		E598631217F137FB00303954 /* UIImage+Scale.m in Sources */ = {isa = PBXBuildFile; fileRef = E598631117F137FA00303954 /* UIImage+Scale.m */; };
		E5D205F517D58EB9006D845A /* icon.png in Resources */ = {isa = PBXBuildFile; fileRef = E5D205F417D58EB9006D845A /* icon.png */; };
		E5D205F717D58EC2006D845A /* icon@2x.png in Resources */ = {isa = PBXBuildFile; fileRef = E5D205F617D58EC2006D845A /* icon@2x.png */; };
		E5D2065917D5CD27006D845A /* GVButton.m in Sources */ = {isa = PBXBuildFile; fileRef = E5D2065817D5CD27006D845A /* GVButton.m */; };
		E5D2066317D5D4C7006D845A /* RobotoCondensed-Bold.ttf in Resources */ = {isa = PBXBuildFile; fileRef = E5D2065D17D5D4C7006D845A /* RobotoCondensed-Bold.ttf */; };
		E5D2066417D5D4C7006D845A /* RobotoCondensed-BoldItalic.ttf in Resources */ = {isa = PBXBuildFile; fileRef = E5D2065E17D5D4C7006D845A /* RobotoCondensed-BoldItalic.ttf */; };
		E5D2066517D5D4C7006D845A /* RobotoCondensed-Italic.ttf in Resources */ = {isa = PBXBuildFile; fileRef = E5D2065F17D5D4C7006D845A /* RobotoCondensed-Italic.ttf */; };
		E5D2066617D5D4C7006D845A /* RobotoCondensed-Light.ttf in Resources */ = {isa = PBXBuildFile; fileRef = E5D2066017D5D4C7006D845A /* RobotoCondensed-Light.ttf */; };
		E5D2066717D5D4C7006D845A /* RobotoCondensed-LightItalic.ttf in Resources */ = {isa = PBXBuildFile; fileRef = E5D2066117D5D4C7006D845A /* RobotoCondensed-LightItalic.ttf */; };
		E5D2066817D5D4C7006D845A /* RobotoCondensed-Regular.ttf in Resources */ = {isa = PBXBuildFile; fileRef = E5D2066217D5D4C7006D845A /* RobotoCondensed-Regular.ttf */; };
		E5D2066A17D5D767006D845A /* Signika-Light.ttf in Resources */ = {isa = PBXBuildFile; fileRef = E5D2066917D5D767006D845A /* Signika-Light.ttf */; };
		E5D206CE17D5DF0B006D845A /* GVBaseViewController.m in Sources */ = {isa = PBXBuildFile; fileRef = E5D206CD17D5DF0B006D845A /* GVBaseViewController.m */; };
		E5D206D117D5E15E006D845A /* GVTableCell.m in Sources */ = {isa = PBXBuildFile; fileRef = E5D206D017D5E15E006D845A /* GVTableCell.m */; };
		E5D206D317D5E176006D845A /* GVTableCell.xib in Resources */ = {isa = PBXBuildFile; fileRef = E5D206D217D5E176006D845A /* GVTableCell.xib */; };
		E5D206D617D5E381006D845A /* GVTextField.m in Sources */ = {isa = PBXBuildFile; fileRef = E5D206D517D5E381006D845A /* GVTextField.m */; };
		E5E53A6E17D02D260098A916 /* Parse.framework in Frameworks */ = {isa = PBXBuildFile; fileRef = E5E53A6D17D02D260098A916 /* Parse.framework */; };
		E5E53A7017D02D3E0098A916 /* AudioToolbox.framework in Frameworks */ = {isa = PBXBuildFile; fileRef = E5E53A6F17D02D3E0098A916 /* AudioToolbox.framework */; };
		E5E53A7217D02D480098A916 /* CFNetwork.framework in Frameworks */ = {isa = PBXBuildFile; fileRef = E5E53A7117D02D480098A916 /* CFNetwork.framework */; };
		E5E53A7417D02D590098A916 /* CoreLocation.framework in Frameworks */ = {isa = PBXBuildFile; fileRef = E5E53A7317D02D590098A916 /* CoreLocation.framework */; };
		E5E53A7617D02D620098A916 /* libz.1.1.3.dylib in Frameworks */ = {isa = PBXBuildFile; fileRef = E5E53A7517D02D620098A916 /* libz.1.1.3.dylib */; };
		E5E53A7817D02D6A0098A916 /* MobileCoreServices.framework in Frameworks */ = {isa = PBXBuildFile; fileRef = E5E53A7717D02D6A0098A916 /* MobileCoreServices.framework */; };
		E5E53A7A17D02D720098A916 /* QuartzCore.framework in Frameworks */ = {isa = PBXBuildFile; fileRef = E5E53A7917D02D720098A916 /* QuartzCore.framework */; };
		E5E53A7C17D02D850098A916 /* Security.framework in Frameworks */ = {isa = PBXBuildFile; fileRef = E5E53A7B17D02D850098A916 /* Security.framework */; };
		E5E53A7E17D02D8B0098A916 /* StoreKit.framework in Frameworks */ = {isa = PBXBuildFile; fileRef = E5E53A7D17D02D8B0098A916 /* StoreKit.framework */; };
		E5E53A8017D02D920098A916 /* SystemConfiguration.framework in Frameworks */ = {isa = PBXBuildFile; fileRef = E5E53A7F17D02D920098A916 /* SystemConfiguration.framework */; };
		E5E53A8217D02EF70098A916 /* FacebookSDK.framework in Frameworks */ = {isa = PBXBuildFile; fileRef = E5E53A8117D02EF70098A916 /* FacebookSDK.framework */; };
		E5E53A8917D03CC30098A916 /* BlurOverlayView.m in Sources */ = {isa = PBXBuildFile; fileRef = E5E53A8817D03CC30098A916 /* BlurOverlayView.m */; };
		E5E53A8C17D060E10098A916 /* crossprocess.acv in Resources */ = {isa = PBXBuildFile; fileRef = E5E53A8B17D060E10098A916 /* crossprocess.acv */; };
		E5E53A8E17D064AA0098A916 /* aqua.acv in Resources */ = {isa = PBXBuildFile; fileRef = E5E53A8D17D064A90098A916 /* aqua.acv */; };
		E5E53A9017D064B10098A916 /* yellow-red.acv in Resources */ = {isa = PBXBuildFile; fileRef = E5E53A8F17D064B10098A916 /* yellow-red.acv */; };
		E5E53A9817D067850098A916 /* 1977.acv in Resources */ = {isa = PBXBuildFile; fileRef = E5E53A9117D067850098A916 /* 1977.acv */; };
		E5E53A9917D067850098A916 /* Brannan.acv in Resources */ = {isa = PBXBuildFile; fileRef = E5E53A9217D067850098A916 /* Brannan.acv */; };
		E5E53A9A17D067850098A916 /* Gotham.acv in Resources */ = {isa = PBXBuildFile; fileRef = E5E53A9317D067850098A916 /* Gotham.acv */; };
		E5E53A9B17D067850098A916 /* Hefe.acv in Resources */ = {isa = PBXBuildFile; fileRef = E5E53A9417D067850098A916 /* Hefe.acv */; };
		E5E53A9C17D067850098A916 /* Lord Kelvin.acv in Resources */ = {isa = PBXBuildFile; fileRef = E5E53A9517D067850098A916 /* Lord Kelvin.acv */; };
		E5E53A9D17D067850098A916 /* Nashville.acv in Resources */ = {isa = PBXBuildFile; fileRef = E5E53A9617D067850098A916 /* Nashville.acv */; };
		E5E53A9E17D067850098A916 /* X-PRO II.acv in Resources */ = {isa = PBXBuildFile; fileRef = E5E53A9717D067850098A916 /* X-PRO II.acv */; };
		E5EF2D1C17D8341F00A865BC /* button-facebook.png in Resources */ = {isa = PBXBuildFile; fileRef = E5EF2CE717D8341F00A865BC /* button-facebook.png */; };
		E5EF2D1D17D8341F00A865BC /* button-google-plus.png in Resources */ = {isa = PBXBuildFile; fileRef = E5EF2CE817D8341F00A865BC /* button-google-plus.png */; };
		E5EF2D1E17D8341F00A865BC /* button-instagram.png in Resources */ = {isa = PBXBuildFile; fileRef = E5EF2CE917D8341F00A865BC /* button-instagram.png */; };
		E5EF2D1F17D8341F00A865BC /* button-twitter.png in Resources */ = {isa = PBXBuildFile; fileRef = E5EF2CEA17D8341F00A865BC /* button-twitter.png */; };
		E5EF2D2017D8341F00A865BC /* button-yahoo.png in Resources */ = {isa = PBXBuildFile; fileRef = E5EF2CEB17D8341F00A865BC /* button-yahoo.png */; };
		E5EF2D2117D8341F00A865BC /* camera.png in Resources */ = {isa = PBXBuildFile; fileRef = E5EF2CEC17D8341F00A865BC /* camera.png */; };
		E5EF2D2217D8341F00A865BC /* carret.png in Resources */ = {isa = PBXBuildFile; fileRef = E5EF2CED17D8341F00A865BC /* carret.png */; };
		E5EF2D2317D8341F00A865BC /* check-disabled.png in Resources */ = {isa = PBXBuildFile; fileRef = E5EF2CEE17D8341F00A865BC /* check-disabled.png */; };
		E5EF2D2417D8341F00A865BC /* check.png in Resources */ = {isa = PBXBuildFile; fileRef = E5EF2CEF17D8341F00A865BC /* check.png */; };
		E5EF2D2517D8341F00A865BC /* dummy.png in Resources */ = {isa = PBXBuildFile; fileRef = E5EF2CF017D8341F00A865BC /* dummy.png */; };
		E5EF2D2617D8341F00A865BC /* flash.png in Resources */ = {isa = PBXBuildFile; fileRef = E5EF2CF117D8341F00A865BC /* flash.png */; };
		E5EF2D2717D8341F00A865BC /* gallery.png in Resources */ = {isa = PBXBuildFile; fileRef = E5EF2CF217D8341F00A865BC /* gallery.png */; };
		E5EF2D2817D8341F00A865BC /* grid.png in Resources */ = {isa = PBXBuildFile; fileRef = E5EF2CF317D8341F00A865BC /* grid.png */; };
		E5EF2D2917D8341F00A865BC /* key.png in Resources */ = {isa = PBXBuildFile; fileRef = E5EF2CF417D8341F00A865BC /* key.png */; };
		E5EF2D2A17D8341F00A865BC /* list.png in Resources */ = {isa = PBXBuildFile; fileRef = E5EF2CF517D8341F00A865BC /* list.png */; };
		E5EF2D2B17D8341F00A865BC /* logo.png in Resources */ = {isa = PBXBuildFile; fileRef = E5EF2CF617D8341F00A865BC /* logo.png */; };
		E5EF2D2C17D8341F00A865BC /* map-pin.png in Resources */ = {isa = PBXBuildFile; fileRef = E5EF2CF717D8341F00A865BC /* map-pin.png */; };
		E5EF2D2D17D8341F00A865BC /* refresh.png in Resources */ = {isa = PBXBuildFile; fileRef = E5EF2CF817D8341F00A865BC /* refresh.png */; };
		E5EF2D2E17D8341F00A865BC /* settings.png in Resources */ = {isa = PBXBuildFile; fileRef = E5EF2CF917D8341F00A865BC /* settings.png */; };
		E5EF2D2F17D8341F00A865BC /* tab-camera.png in Resources */ = {isa = PBXBuildFile; fileRef = E5EF2CFA17D8341F00A865BC /* tab-camera.png */; };
		E5EF2D3017D8341F00A865BC /* tab-scout.png in Resources */ = {isa = PBXBuildFile; fileRef = E5EF2CFB17D8341F00A865BC /* tab-scout.png */; };
		E5EF2D3117D8341F00A865BC /* tab-user.png in Resources */ = {isa = PBXBuildFile; fileRef = E5EF2CFC17D8341F00A865BC /* tab-user.png */; };
		E5EF2D3217D8341F00A865BC /* user.png in Resources */ = {isa = PBXBuildFile; fileRef = E5EF2CFD17D8341F00A865BC /* user.png */; };
		E5EF2D3317D8341F00A865BC /* zoom-handle.png in Resources */ = {isa = PBXBuildFile; fileRef = E5EF2CFE17D8341F00A865BC /* zoom-handle.png */; };
		E5EF2D3417D8341F00A865BC /* zoom-in.png in Resources */ = {isa = PBXBuildFile; fileRef = E5EF2CFF17D8341F00A865BC /* zoom-in.png */; };
		E5EF2D3517D8341F00A865BC /* zoom-out.png in Resources */ = {isa = PBXBuildFile; fileRef = E5EF2D0017D8341F00A865BC /* zoom-out.png */; };
		E5EF2D3617D8341F00A865BC /* button-facebook@2x.png in Resources */ = {isa = PBXBuildFile; fileRef = E5EF2D0217D8341F00A865BC /* button-facebook@2x.png */; };
		E5EF2D3717D8341F00A865BC /* button-google-plus@2x.png in Resources */ = {isa = PBXBuildFile; fileRef = E5EF2D0317D8341F00A865BC /* button-google-plus@2x.png */; };
		E5EF2D3817D8341F00A865BC /* button-instagram@2x.png in Resources */ = {isa = PBXBuildFile; fileRef = E5EF2D0417D8341F00A865BC /* button-instagram@2x.png */; };
		E5EF2D3917D8341F00A865BC /* button-twitter@2x.png in Resources */ = {isa = PBXBuildFile; fileRef = E5EF2D0517D8341F00A865BC /* button-twitter@2x.png */; };
		E5EF2D3A17D8341F00A865BC /* button-yahoo@2x.png in Resources */ = {isa = PBXBuildFile; fileRef = E5EF2D0617D8341F00A865BC /* button-yahoo@2x.png */; };
		E5EF2D3B17D8341F00A865BC /* camera@2x.png in Resources */ = {isa = PBXBuildFile; fileRef = E5EF2D0717D8341F00A865BC /* camera@2x.png */; };
		E5EF2D3C17D8341F00A865BC /* carret@2x.png in Resources */ = {isa = PBXBuildFile; fileRef = E5EF2D0817D8341F00A865BC /* carret@2x.png */; };
		E5EF2D3D17D8341F00A865BC /* check-disabled@2x.png in Resources */ = {isa = PBXBuildFile; fileRef = E5EF2D0917D8341F00A865BC /* check-disabled@2x.png */; };
		E5EF2D3E17D8341F00A865BC /* check@2x.png in Resources */ = {isa = PBXBuildFile; fileRef = E5EF2D0A17D8341F00A865BC /* check@2x.png */; };
		E5EF2D3F17D8341F00A865BC /* dummy.png in Resources */ = {isa = PBXBuildFile; fileRef = E5EF2D0B17D8341F00A865BC /* dummy.png */; };
		E5EF2D4017D8341F00A865BC /* flash@2x.png in Resources */ = {isa = PBXBuildFile; fileRef = E5EF2D0C17D8341F00A865BC /* flash@2x.png */; };
		E5EF2D4117D8341F00A865BC /* gallery@2x.png in Resources */ = {isa = PBXBuildFile; fileRef = E5EF2D0D17D8341F00A865BC /* gallery@2x.png */; };
		E5EF2D4217D8341F00A865BC /* grid@2x.png in Resources */ = {isa = PBXBuildFile; fileRef = E5EF2D0E17D8341F00A865BC /* grid@2x.png */; };
		E5EF2D4317D8341F00A865BC /* key@2x.png in Resources */ = {isa = PBXBuildFile; fileRef = E5EF2D0F17D8341F00A865BC /* key@2x.png */; };
		E5EF2D4417D8341F00A865BC /* list@2x.png in Resources */ = {isa = PBXBuildFile; fileRef = E5EF2D1017D8341F00A865BC /* list@2x.png */; };
		E5EF2D4517D8341F00A865BC /* logo@2x.png in Resources */ = {isa = PBXBuildFile; fileRef = E5EF2D1117D8341F00A865BC /* logo@2x.png */; };
		E5EF2D4617D8341F00A865BC /* map-pin@2x.png in Resources */ = {isa = PBXBuildFile; fileRef = E5EF2D1217D8341F00A865BC /* map-pin@2x.png */; };
		E5EF2D4717D8341F00A865BC /* refresh@2x.png in Resources */ = {isa = PBXBuildFile; fileRef = E5EF2D1317D8341F00A865BC /* refresh@2x.png */; };
		E5EF2D4817D8341F00A865BC /* settings@2x.png in Resources */ = {isa = PBXBuildFile; fileRef = E5EF2D1417D8341F00A865BC /* settings@2x.png */; };
		E5EF2D4917D8341F00A865BC /* tab-camera@2x.png in Resources */ = {isa = PBXBuildFile; fileRef = E5EF2D1517D8341F00A865BC /* tab-camera@2x.png */; };
		E5EF2D4A17D8341F00A865BC /* tab-scout@2x.png in Resources */ = {isa = PBXBuildFile; fileRef = E5EF2D1617D8341F00A865BC /* tab-scout@2x.png */; };
		E5EF2D4B17D8341F00A865BC /* tab-user@2x.png in Resources */ = {isa = PBXBuildFile; fileRef = E5EF2D1717D8341F00A865BC /* tab-user@2x.png */; };
		E5EF2D4C17D8341F00A865BC /* user@2x.png in Resources */ = {isa = PBXBuildFile; fileRef = E5EF2D1817D8341F00A865BC /* user@2x.png */; };
		E5EF2D4D17D8341F00A865BC /* zoom-handle@2x.png in Resources */ = {isa = PBXBuildFile; fileRef = E5EF2D1917D8341F00A865BC /* zoom-handle@2x.png */; };
		E5EF2D4E17D8341F00A865BC /* zoom-in@2x.png in Resources */ = {isa = PBXBuildFile; fileRef = E5EF2D1A17D8341F00A865BC /* zoom-in@2x.png */; };
		E5EF2D4F17D8341F00A865BC /* zoom-out@2x.png in Resources */ = {isa = PBXBuildFile; fileRef = E5EF2D1B17D8341F00A865BC /* zoom-out@2x.png */; };
		E5F89AEA17CEEE94008DC419 /* CameraOverlayView.xib in Resources */ = {isa = PBXBuildFile; fileRef = E5F89AE917CEEE94008DC419 /* CameraOverlayView.xib */; };
		E5F89AF617CEEF61008DC419 /* CropPhotoViewController.m in Sources */ = {isa = PBXBuildFile; fileRef = E5F89AED17CEEF61008DC419 /* CropPhotoViewController.m */; };
		E5F89AF717CEEF61008DC419 /* FilterViewController.m in Sources */ = {isa = PBXBuildFile; fileRef = E5F89AEF17CEEF61008DC419 /* FilterViewController.m */; };
		E5F89AF817CEEF61008DC419 /* LogInViewController.m in Sources */ = {isa = PBXBuildFile; fileRef = E5F89AF117CEEF61008DC419 /* LogInViewController.m */; };
		E5F89AF917CEEF61008DC419 /* MainMenuViewController.m in Sources */ = {isa = PBXBuildFile; fileRef = E5F89AF317CEEF61008DC419 /* MainMenuViewController.m */; };
		E5F89AFA17CEEF61008DC419 /* RegisterViewController.m in Sources */ = {isa = PBXBuildFile; fileRef = E5F89AF517CEEF61008DC419 /* RegisterViewController.m */; };
		E5F89AFE17CEEF7F008DC419 /* BFCropInterface.m in Sources */ = {isa = PBXBuildFile; fileRef = E5F89AFD17CEEF7F008DC419 /* BFCropInterface.m */; };
		E5F89B0017CF3A67008DC419 /* AssetsLibrary.framework in Frameworks */ = {isa = PBXBuildFile; fileRef = E5F89AFF17CF3A67008DC419 /* AssetsLibrary.framework */; };
		E5F89B0517CF5557008DC419 /* PhotoDetailsViewController.m in Sources */ = {isa = PBXBuildFile; fileRef = E5F89B0417CF5557008DC419 /* PhotoDetailsViewController.m */; };
		E5F8CA4C17DECFCA00A4FB96 /* collection@2x.png in Resources */ = {isa = PBXBuildFile; fileRef = E5F8CA4B17DECFCA00A4FB96 /* collection@2x.png */; };
		E5F8CA4F17DECFD800A4FB96 /* search.png in Resources */ = {isa = PBXBuildFile; fileRef = E5F8CA4D17DECFD800A4FB96 /* search.png */; };
		E5F8CA5017DECFD800A4FB96 /* collection.png in Resources */ = {isa = PBXBuildFile; fileRef = E5F8CA4E17DECFD800A4FB96 /* collection.png */; };
		E5F8CA5217DECFE700A4FB96 /* search@2x.png in Resources */ = {isa = PBXBuildFile; fileRef = E5F8CA5117DECFE700A4FB96 /* search@2x.png */; };
		E5F8CA5517DEF52900A4FB96 /* PostPhotoViewController.m in Sources */ = {isa = PBXBuildFile; fileRef = E5F8CA5417DEF52900A4FB96 /* PostPhotoViewController.m */; };
		E5F8CA5817DEFA1600A4FB96 /* GVTextView.m in Sources */ = {isa = PBXBuildFile; fileRef = E5F8CA5717DEFA1600A4FB96 /* GVTextView.m */; };
		E5F8CA6317DF0D4700A4FB96 /* play@2x.png in Resources */ = {isa = PBXBuildFile; fileRef = E5F8CA5917DF0D4700A4FB96 /* play@2x.png */; };
		E5F8CA6417DF0D4700A4FB96 /* lock-2@2x.png in Resources */ = {isa = PBXBuildFile; fileRef = E5F8CA5A17DF0D4700A4FB96 /* lock-2@2x.png */; };
		E5F8CA6517DF0D4700A4FB96 /* lock@2x.png in Resources */ = {isa = PBXBuildFile; fileRef = E5F8CA5B17DF0D4700A4FB96 /* lock@2x.png */; };
		E5F8CA6617DF0D4700A4FB96 /* navigation@2x.png in Resources */ = {isa = PBXBuildFile; fileRef = E5F8CA5C17DF0D4700A4FB96 /* navigation@2x.png */; };
		E5F8CA6717DF0D4700A4FB96 /* graph@2x.png in Resources */ = {isa = PBXBuildFile; fileRef = E5F8CA5D17DF0D4700A4FB96 /* graph@2x.png */; };
		E5F8CA6817DF0D4700A4FB96 /* compass@2x.png in Resources */ = {isa = PBXBuildFile; fileRef = E5F8CA5E17DF0D4700A4FB96 /* compass@2x.png */; };
		E5F8CA6917DF0D4700A4FB96 /* time@2x.png in Resources */ = {isa = PBXBuildFile; fileRef = E5F8CA5F17DF0D4700A4FB96 /* time@2x.png */; };
		E5F8CA6A17DF0D4700A4FB96 /* albums@2x.png in Resources */ = {isa = PBXBuildFile; fileRef = E5F8CA6017DF0D4700A4FB96 /* albums@2x.png */; };
		E5F8CA6B17DF0D4700A4FB96 /* video@2x.png in Resources */ = {isa = PBXBuildFile; fileRef = E5F8CA6117DF0D4700A4FB96 /* video@2x.png */; };
		E5F8CA6C17DF0D4700A4FB96 /* photo@2x.png in Resources */ = {isa = PBXBuildFile; fileRef = E5F8CA6217DF0D4700A4FB96 /* photo@2x.png */; };
		E5F8CA7717DF0D6900A4FB96 /* play.png in Resources */ = {isa = PBXBuildFile; fileRef = E5F8CA6D17DF0D6900A4FB96 /* play.png */; };
		E5F8CA7817DF0D6900A4FB96 /* lock-2.png in Resources */ = {isa = PBXBuildFile; fileRef = E5F8CA6E17DF0D6900A4FB96 /* lock-2.png */; };
		E5F8CA7917DF0D6900A4FB96 /* lock.png in Resources */ = {isa = PBXBuildFile; fileRef = E5F8CA6F17DF0D6900A4FB96 /* lock.png */; };
		E5F8CA7A17DF0D6900A4FB96 /* navigation.png in Resources */ = {isa = PBXBuildFile; fileRef = E5F8CA7017DF0D6900A4FB96 /* navigation.png */; };
		E5F8CA7B17DF0D6900A4FB96 /* graph.png in Resources */ = {isa = PBXBuildFile; fileRef = E5F8CA7117DF0D6900A4FB96 /* graph.png */; };
		E5F8CA7C17DF0D6900A4FB96 /* compass.png in Resources */ = {isa = PBXBuildFile; fileRef = E5F8CA7217DF0D6900A4FB96 /* compass.png */; };
		E5F8CA7D17DF0D6900A4FB96 /* time.png in Resources */ = {isa = PBXBuildFile; fileRef = E5F8CA7317DF0D6900A4FB96 /* time.png */; };
		E5F8CA7E17DF0D6900A4FB96 /* albums.png in Resources */ = {isa = PBXBuildFile; fileRef = E5F8CA7417DF0D6900A4FB96 /* albums.png */; };
		E5F8CA7F17DF0D6900A4FB96 /* video.png in Resources */ = {isa = PBXBuildFile; fileRef = E5F8CA7517DF0D6900A4FB96 /* video.png */; };
		E5F8CA8017DF0D6900A4FB96 /* photo.png in Resources */ = {isa = PBXBuildFile; fileRef = E5F8CA7617DF0D6900A4FB96 /* photo.png */; };
		E5F8CA8317DF1A8600A4FB96 /* AddActivityViewController.m in Sources */ = {isa = PBXBuildFile; fileRef = E5F8CA8217DF1A8500A4FB96 /* AddActivityViewController.m */; };
		E65EC60F17D7067100D501B0 /* ImageIO.framework in Frameworks */ = {isa = PBXBuildFile; fileRef = E65EC60E17D7067100D501B0 /* ImageIO.framework */; };
		E672104317CDCBB400C8B3AA /* CoreImage.framework in Frameworks */ = {isa = PBXBuildFile; fileRef = E672104217CDCBB400C8B3AA /* CoreImage.framework */; };
		E6B44E4D17E17084009E4DBA /* MapViewController.m in Sources */ = {isa = PBXBuildFile; fileRef = E6B44E4C17E17084009E4DBA /* MapViewController.m */; };
		E6B44E4F17E170F2009E4DBA /* MapKit.framework in Frameworks */ = {isa = PBXBuildFile; fileRef = E6B44E4E17E170F2009E4DBA /* MapKit.framework */; };
		E6CB3C0417BDD580003FC378 /* UIKit.framework in Frameworks */ = {isa = PBXBuildFile; fileRef = E6CB3C0317BDD580003FC378 /* UIKit.framework */; };
		E6CB3C0617BDD580003FC378 /* Foundation.framework in Frameworks */ = {isa = PBXBuildFile; fileRef = E6CB3C0517BDD580003FC378 /* Foundation.framework */; };
		E6CB3C0817BDD580003FC378 /* CoreGraphics.framework in Frameworks */ = {isa = PBXBuildFile; fileRef = E6CB3C0717BDD580003FC378 /* CoreGraphics.framework */; };
		E6CB3C0E17BDD580003FC378 /* InfoPlist.strings in Resources */ = {isa = PBXBuildFile; fileRef = E6CB3C0C17BDD580003FC378 /* InfoPlist.strings */; };
		E6CB3C1017BDD580003FC378 /* main.m in Sources */ = {isa = PBXBuildFile; fileRef = E6CB3C0F17BDD580003FC378 /* main.m */; };
		E6CB3C1417BDD580003FC378 /* AppDelegate.m in Sources */ = {isa = PBXBuildFile; fileRef = E6CB3C1317BDD580003FC378 /* AppDelegate.m */; };
		E6CB3C1617BDD580003FC378 /* Default.png in Resources */ = {isa = PBXBuildFile; fileRef = E6CB3C1517BDD580003FC378 /* Default.png */; };
		E6CB3C1817BDD580003FC378 /* Default@2x.png in Resources */ = {isa = PBXBuildFile; fileRef = E6CB3C1717BDD580003FC378 /* Default@2x.png */; };
		E6CB3C1A17BDD580003FC378 /* Default-568h@2x.png in Resources */ = {isa = PBXBuildFile; fileRef = E6CB3C1917BDD580003FC378 /* Default-568h@2x.png */; };
		E6CB3C1D17BDD580003FC378 /* MainStoryboard.storyboard in Resources */ = {isa = PBXBuildFile; fileRef = E6CB3C1B17BDD580003FC378 /* MainStoryboard.storyboard */; };
/* End PBXBuildFile section */

/* Begin PBXFileReference section */
		9C6EAD71127F4CBDB5EAA73F /* libPods.a */ = {isa = PBXFileReference; explicitFileType = archive.ar; includeInIndex = 0; path = libPods.a; sourceTree = BUILT_PRODUCTS_DIR; };
		AB189CE549854FD58563ABC5 /* Pods.xcconfig */ = {isa = PBXFileReference; includeInIndex = 1; lastKnownFileType = text.xcconfig; name = Pods.xcconfig; path = Pods/Pods.xcconfig; sourceTree = SOURCE_ROOT; };
		E501A38817EBFE4B00753CA0 /* GVHTTPClient.h */ = {isa = PBXFileReference; fileEncoding = 4; lastKnownFileType = sourcecode.c.h; path = GVHTTPClient.h; sourceTree = "<group>"; };
		E501A38917EBFE4B00753CA0 /* GVHTTPClient.m */ = {isa = PBXFileReference; fileEncoding = 4; lastKnownFileType = sourcecode.c.objc; path = GVHTTPClient.m; sourceTree = "<group>"; };
		E50A261917D9A45B00DED805 /* check-big.png */ = {isa = PBXFileReference; lastKnownFileType = image.png; path = "check-big.png"; sourceTree = "<group>"; };
		E50A261B17D9A46700DED805 /* check-big@2x.png */ = {isa = PBXFileReference; lastKnownFileType = image.png; path = "check-big@2x.png"; sourceTree = "<group>"; };
		E5144FC117F011A40065C2A9 /* UIImage+Alpha.h */ = {isa = PBXFileReference; fileEncoding = 4; lastKnownFileType = sourcecode.c.h; path = "UIImage+Alpha.h"; sourceTree = "<group>"; };
		E5144FC217F011A40065C2A9 /* UIImage+Alpha.m */ = {isa = PBXFileReference; fileEncoding = 4; lastKnownFileType = sourcecode.c.objc; path = "UIImage+Alpha.m"; sourceTree = "<group>"; };
		E5144FC317F011A40065C2A9 /* UIImage+Resize.h */ = {isa = PBXFileReference; fileEncoding = 4; lastKnownFileType = sourcecode.c.h; path = "UIImage+Resize.h"; sourceTree = "<group>"; };
		E5144FC417F011A40065C2A9 /* UIImage+Resize.m */ = {isa = PBXFileReference; fileEncoding = 4; lastKnownFileType = sourcecode.c.objc; path = "UIImage+Resize.m"; sourceTree = "<group>"; };
		E5144FC517F011A40065C2A9 /* UIImage+RoundedCorner.h */ = {isa = PBXFileReference; fileEncoding = 4; lastKnownFileType = sourcecode.c.h; path = "UIImage+RoundedCorner.h"; sourceTree = "<group>"; };
		E5144FC617F011A40065C2A9 /* UIImage+RoundedCorner.m */ = {isa = PBXFileReference; fileEncoding = 4; lastKnownFileType = sourcecode.c.objc; path = "UIImage+RoundedCorner.m"; sourceTree = "<group>"; };
		E534E2B217D6B2A000BAF28C /* GVCommons.h */ = {isa = PBXFileReference; lastKnownFileType = sourcecode.c.h; name = GVCommons.h; path = ../Views/GVCommons.h; sourceTree = "<group>"; };
		E54160D117D73C3D00A51F17 /* TabBarViewController.h */ = {isa = PBXFileReference; fileEncoding = 4; lastKnownFileType = sourcecode.c.h; path = TabBarViewController.h; sourceTree = "<group>"; };
		E54160D217D73C3E00A51F17 /* TabBarViewController.m */ = {isa = PBXFileReference; fileEncoding = 4; lastKnownFileType = sourcecode.c.objc; path = TabBarViewController.m; sourceTree = "<group>"; };
		E54160D417D73CD600A51F17 /* CameraViewController.h */ = {isa = PBXFileReference; fileEncoding = 4; lastKnownFileType = sourcecode.c.h; path = CameraViewController.h; sourceTree = "<group>"; };
		E54160D517D73CD600A51F17 /* CameraViewController.m */ = {isa = PBXFileReference; fileEncoding = 4; lastKnownFileType = sourcecode.c.objc; path = CameraViewController.m; sourceTree = "<group>"; };
		E5561D2F17EAAB02001C2161 /* GVNavButton.h */ = {isa = PBXFileReference; fileEncoding = 4; lastKnownFileType = sourcecode.c.h; path = GVNavButton.h; sourceTree = "<group>"; };
		E5561D3017EAAB02001C2161 /* GVNavButton.m */ = {isa = PBXFileReference; fileEncoding = 4; lastKnownFileType = sourcecode.c.objc; path = GVNavButton.m; sourceTree = "<group>"; };
		E5561D3217EAE4FF001C2161 /* GVAFHTTPManager.h */ = {isa = PBXFileReference; fileEncoding = 4; lastKnownFileType = sourcecode.c.h; path = GVAFHTTPManager.h; sourceTree = "<group>"; };
		E5561D3317EAE4FF001C2161 /* GVAFHTTPManager.m */ = {isa = PBXFileReference; fileEncoding = 4; lastKnownFileType = sourcecode.c.objc; path = GVAFHTTPManager.m; sourceTree = "<group>"; };
		E55A396817DDB4A100DC172F /* ScoutViewController.h */ = {isa = PBXFileReference; fileEncoding = 4; lastKnownFileType = sourcecode.c.h; path = ScoutViewController.h; sourceTree = "<group>"; };
		E55A396917DDB4A100DC172F /* ScoutViewController.m */ = {isa = PBXFileReference; fileEncoding = 4; lastKnownFileType = sourcecode.c.objc; path = ScoutViewController.m; sourceTree = "<group>"; };
		E566857F17D9CBBC00D76112 /* camera-grid.png */ = {isa = PBXFileReference; lastKnownFileType = image.png; path = "camera-grid.png"; sourceTree = "<group>"; };
		E566858117D9CBC500D76112 /* camera-grid@2x.png */ = {isa = PBXFileReference; lastKnownFileType = image.png; path = "camera-grid@2x.png"; sourceTree = "<group>"; };
		E5951BB217D6BF760040E1D8 /* GVColor.h */ = {isa = PBXFileReference; fileEncoding = 4; lastKnownFileType = sourcecode.c.h; path = GVColor.h; sourceTree = "<group>"; };
		E5951BB317D6BF760040E1D8 /* GVColor.m */ = {isa = PBXFileReference; fileEncoding = 4; lastKnownFileType = sourcecode.c.objc; path = GVColor.m; sourceTree = "<group>"; };
		E5951BB517D6C4860040E1D8 /* SocialMediaAccountsView.xib */ = {isa = PBXFileReference; fileEncoding = 4; lastKnownFileType = file.xib; path = SocialMediaAccountsView.xib; sourceTree = "<group>"; };
		E5951BBA17D6C4E70040E1D8 /* SocialMediaAccountsController.h */ = {isa = PBXFileReference; fileEncoding = 4; lastKnownFileType = sourcecode.c.h; path = SocialMediaAccountsController.h; sourceTree = "<group>"; };
		E5951BBB17D6C4E70040E1D8 /* SocialMediaAccountsController.m */ = {isa = PBXFileReference; fileEncoding = 4; lastKnownFileType = sourcecode.c.objc; path = SocialMediaAccountsController.m; sourceTree = "<group>"; };
		E5951BBD17D6CD610040E1D8 /* GVLabel.h */ = {isa = PBXFileReference; fileEncoding = 4; lastKnownFileType = sourcecode.c.h; path = GVLabel.h; sourceTree = "<group>"; };
		E5951BBE17D6CD610040E1D8 /* GVLabel.m */ = {isa = PBXFileReference; fileEncoding = 4; lastKnownFileType = sourcecode.c.objc; path = GVLabel.m; sourceTree = "<group>"; };
		E5951BC017D6DBA50040E1D8 /* SplashViewController.h */ = {isa = PBXFileReference; fileEncoding = 4; lastKnownFileType = sourcecode.c.h; path = SplashViewController.h; sourceTree = "<group>"; };
		E5951BC117D6DBA50040E1D8 /* SplashViewController.m */ = {isa = PBXFileReference; fileEncoding = 4; lastKnownFileType = sourcecode.c.objc; path = SplashViewController.m; sourceTree = "<group>"; };
		E598631017F137FA00303954 /* UIImage+Scale.h */ = {isa = PBXFileReference; fileEncoding = 4; lastKnownFileType = sourcecode.c.h; path = "UIImage+Scale.h"; sourceTree = "<group>"; };
		E598631117F137FA00303954 /* UIImage+Scale.m */ = {isa = PBXFileReference; fileEncoding = 4; lastKnownFileType = sourcecode.c.objc; path = "UIImage+Scale.m"; sourceTree = "<group>"; };
		E5D205F417D58EB9006D845A /* icon.png */ = {isa = PBXFileReference; lastKnownFileType = image.png; path = icon.png; sourceTree = "<group>"; };
		E5D205F617D58EC2006D845A /* icon@2x.png */ = {isa = PBXFileReference; lastKnownFileType = image.png; path = "icon@2x.png"; sourceTree = "<group>"; };
		E5D2065717D5CD27006D845A /* GVButton.h */ = {isa = PBXFileReference; fileEncoding = 4; lastKnownFileType = sourcecode.c.h; path = GVButton.h; sourceTree = "<group>"; };
		E5D2065817D5CD27006D845A /* GVButton.m */ = {isa = PBXFileReference; fileEncoding = 4; lastKnownFileType = sourcecode.c.objc; path = GVButton.m; sourceTree = "<group>"; };
		E5D2065D17D5D4C7006D845A /* RobotoCondensed-Bold.ttf */ = {isa = PBXFileReference; lastKnownFileType = file; path = "RobotoCondensed-Bold.ttf"; sourceTree = "<group>"; };
		E5D2065E17D5D4C7006D845A /* RobotoCondensed-BoldItalic.ttf */ = {isa = PBXFileReference; lastKnownFileType = file; path = "RobotoCondensed-BoldItalic.ttf"; sourceTree = "<group>"; };
		E5D2065F17D5D4C7006D845A /* RobotoCondensed-Italic.ttf */ = {isa = PBXFileReference; lastKnownFileType = file; path = "RobotoCondensed-Italic.ttf"; sourceTree = "<group>"; };
		E5D2066017D5D4C7006D845A /* RobotoCondensed-Light.ttf */ = {isa = PBXFileReference; lastKnownFileType = file; path = "RobotoCondensed-Light.ttf"; sourceTree = "<group>"; };
		E5D2066117D5D4C7006D845A /* RobotoCondensed-LightItalic.ttf */ = {isa = PBXFileReference; lastKnownFileType = file; path = "RobotoCondensed-LightItalic.ttf"; sourceTree = "<group>"; };
		E5D2066217D5D4C7006D845A /* RobotoCondensed-Regular.ttf */ = {isa = PBXFileReference; lastKnownFileType = file; path = "RobotoCondensed-Regular.ttf"; sourceTree = "<group>"; };
		E5D2066917D5D767006D845A /* Signika-Light.ttf */ = {isa = PBXFileReference; lastKnownFileType = file; path = "Signika-Light.ttf"; sourceTree = "<group>"; };
		E5D206CC17D5DF0B006D845A /* GVBaseViewController.h */ = {isa = PBXFileReference; fileEncoding = 4; lastKnownFileType = sourcecode.c.h; path = GVBaseViewController.h; sourceTree = "<group>"; };
		E5D206CD17D5DF0B006D845A /* GVBaseViewController.m */ = {isa = PBXFileReference; fileEncoding = 4; lastKnownFileType = sourcecode.c.objc; path = GVBaseViewController.m; sourceTree = "<group>"; };
		E5D206CF17D5E15E006D845A /* GVTableCell.h */ = {isa = PBXFileReference; fileEncoding = 4; lastKnownFileType = sourcecode.c.h; path = GVTableCell.h; sourceTree = "<group>"; };
		E5D206D017D5E15E006D845A /* GVTableCell.m */ = {isa = PBXFileReference; fileEncoding = 4; lastKnownFileType = sourcecode.c.objc; path = GVTableCell.m; sourceTree = "<group>"; };
		E5D206D217D5E176006D845A /* GVTableCell.xib */ = {isa = PBXFileReference; fileEncoding = 4; lastKnownFileType = file.xib; path = GVTableCell.xib; sourceTree = "<group>"; };
		E5D206D417D5E381006D845A /* GVTextField.h */ = {isa = PBXFileReference; fileEncoding = 4; lastKnownFileType = sourcecode.c.h; path = GVTextField.h; sourceTree = "<group>"; };
		E5D206D517D5E381006D845A /* GVTextField.m */ = {isa = PBXFileReference; fileEncoding = 4; lastKnownFileType = sourcecode.c.objc; path = GVTextField.m; sourceTree = "<group>"; };
		E5E53A6D17D02D260098A916 /* Parse.framework */ = {isa = PBXFileReference; lastKnownFileType = wrapper.framework; path = Parse.framework; sourceTree = "<group>"; };
		E5E53A6F17D02D3E0098A916 /* AudioToolbox.framework */ = {isa = PBXFileReference; lastKnownFileType = wrapper.framework; name = AudioToolbox.framework; path = System/Library/Frameworks/AudioToolbox.framework; sourceTree = SDKROOT; };
		E5E53A7117D02D480098A916 /* CFNetwork.framework */ = {isa = PBXFileReference; lastKnownFileType = wrapper.framework; name = CFNetwork.framework; path = System/Library/Frameworks/CFNetwork.framework; sourceTree = SDKROOT; };
		E5E53A7317D02D590098A916 /* CoreLocation.framework */ = {isa = PBXFileReference; lastKnownFileType = wrapper.framework; name = CoreLocation.framework; path = System/Library/Frameworks/CoreLocation.framework; sourceTree = SDKROOT; };
		E5E53A7517D02D620098A916 /* libz.1.1.3.dylib */ = {isa = PBXFileReference; lastKnownFileType = "compiled.mach-o.dylib"; name = libz.1.1.3.dylib; path = usr/lib/libz.1.1.3.dylib; sourceTree = SDKROOT; };
		E5E53A7717D02D6A0098A916 /* MobileCoreServices.framework */ = {isa = PBXFileReference; lastKnownFileType = wrapper.framework; name = MobileCoreServices.framework; path = System/Library/Frameworks/MobileCoreServices.framework; sourceTree = SDKROOT; };
		E5E53A7917D02D720098A916 /* QuartzCore.framework */ = {isa = PBXFileReference; lastKnownFileType = wrapper.framework; name = QuartzCore.framework; path = System/Library/Frameworks/QuartzCore.framework; sourceTree = SDKROOT; };
		E5E53A7B17D02D850098A916 /* Security.framework */ = {isa = PBXFileReference; lastKnownFileType = wrapper.framework; name = Security.framework; path = System/Library/Frameworks/Security.framework; sourceTree = SDKROOT; };
		E5E53A7D17D02D8B0098A916 /* StoreKit.framework */ = {isa = PBXFileReference; lastKnownFileType = wrapper.framework; name = StoreKit.framework; path = System/Library/Frameworks/StoreKit.framework; sourceTree = SDKROOT; };
		E5E53A7F17D02D920098A916 /* SystemConfiguration.framework */ = {isa = PBXFileReference; lastKnownFileType = wrapper.framework; name = SystemConfiguration.framework; path = System/Library/Frameworks/SystemConfiguration.framework; sourceTree = SDKROOT; };
		E5E53A8117D02EF70098A916 /* FacebookSDK.framework */ = {isa = PBXFileReference; lastKnownFileType = wrapper.framework; path = FacebookSDK.framework; sourceTree = "<group>"; };
		E5E53A8717D03CC30098A916 /* BlurOverlayView.h */ = {isa = PBXFileReference; fileEncoding = 4; lastKnownFileType = sourcecode.c.h; path = BlurOverlayView.h; sourceTree = "<group>"; };
		E5E53A8817D03CC30098A916 /* BlurOverlayView.m */ = {isa = PBXFileReference; fileEncoding = 4; lastKnownFileType = sourcecode.c.objc; path = BlurOverlayView.m; sourceTree = "<group>"; };
		E5E53A8B17D060E10098A916 /* crossprocess.acv */ = {isa = PBXFileReference; lastKnownFileType = file; path = crossprocess.acv; sourceTree = "<group>"; };
		E5E53A8D17D064A90098A916 /* aqua.acv */ = {isa = PBXFileReference; lastKnownFileType = file; path = aqua.acv; sourceTree = "<group>"; };
		E5E53A8F17D064B10098A916 /* yellow-red.acv */ = {isa = PBXFileReference; lastKnownFileType = file; path = "yellow-red.acv"; sourceTree = "<group>"; };
		E5E53A9117D067850098A916 /* 1977.acv */ = {isa = PBXFileReference; lastKnownFileType = file; path = 1977.acv; sourceTree = "<group>"; };
		E5E53A9217D067850098A916 /* Brannan.acv */ = {isa = PBXFileReference; lastKnownFileType = file; path = Brannan.acv; sourceTree = "<group>"; };
		E5E53A9317D067850098A916 /* Gotham.acv */ = {isa = PBXFileReference; lastKnownFileType = file; path = Gotham.acv; sourceTree = "<group>"; };
		E5E53A9417D067850098A916 /* Hefe.acv */ = {isa = PBXFileReference; lastKnownFileType = file; path = Hefe.acv; sourceTree = "<group>"; };
		E5E53A9517D067850098A916 /* Lord Kelvin.acv */ = {isa = PBXFileReference; lastKnownFileType = file; path = "Lord Kelvin.acv"; sourceTree = "<group>"; };
		E5E53A9617D067850098A916 /* Nashville.acv */ = {isa = PBXFileReference; lastKnownFileType = file; path = Nashville.acv; sourceTree = "<group>"; };
		E5E53A9717D067850098A916 /* X-PRO II.acv */ = {isa = PBXFileReference; lastKnownFileType = file; path = "X-PRO II.acv"; sourceTree = "<group>"; };
		E5EF2CE717D8341F00A865BC /* button-facebook.png */ = {isa = PBXFileReference; lastKnownFileType = image.png; path = "button-facebook.png"; sourceTree = "<group>"; };
		E5EF2CE817D8341F00A865BC /* button-google-plus.png */ = {isa = PBXFileReference; lastKnownFileType = image.png; path = "button-google-plus.png"; sourceTree = "<group>"; };
		E5EF2CE917D8341F00A865BC /* button-instagram.png */ = {isa = PBXFileReference; lastKnownFileType = image.png; path = "button-instagram.png"; sourceTree = "<group>"; };
		E5EF2CEA17D8341F00A865BC /* button-twitter.png */ = {isa = PBXFileReference; lastKnownFileType = image.png; path = "button-twitter.png"; sourceTree = "<group>"; };
		E5EF2CEB17D8341F00A865BC /* button-yahoo.png */ = {isa = PBXFileReference; lastKnownFileType = image.png; path = "button-yahoo.png"; sourceTree = "<group>"; };
		E5EF2CEC17D8341F00A865BC /* camera.png */ = {isa = PBXFileReference; lastKnownFileType = image.png; path = camera.png; sourceTree = "<group>"; };
		E5EF2CED17D8341F00A865BC /* carret.png */ = {isa = PBXFileReference; lastKnownFileType = image.png; path = carret.png; sourceTree = "<group>"; };
		E5EF2CEE17D8341F00A865BC /* check-disabled.png */ = {isa = PBXFileReference; lastKnownFileType = image.png; path = "check-disabled.png"; sourceTree = "<group>"; };
		E5EF2CEF17D8341F00A865BC /* check.png */ = {isa = PBXFileReference; lastKnownFileType = image.png; path = check.png; sourceTree = "<group>"; };
		E5EF2CF017D8341F00A865BC /* dummy.png */ = {isa = PBXFileReference; lastKnownFileType = image.png; path = dummy.png; sourceTree = "<group>"; };
		E5EF2CF117D8341F00A865BC /* flash.png */ = {isa = PBXFileReference; lastKnownFileType = image.png; path = flash.png; sourceTree = "<group>"; };
		E5EF2CF217D8341F00A865BC /* gallery.png */ = {isa = PBXFileReference; lastKnownFileType = image.png; path = gallery.png; sourceTree = "<group>"; };
		E5EF2CF317D8341F00A865BC /* grid.png */ = {isa = PBXFileReference; lastKnownFileType = image.png; path = grid.png; sourceTree = "<group>"; };
		E5EF2CF417D8341F00A865BC /* key.png */ = {isa = PBXFileReference; lastKnownFileType = image.png; path = key.png; sourceTree = "<group>"; };
		E5EF2CF517D8341F00A865BC /* list.png */ = {isa = PBXFileReference; lastKnownFileType = image.png; path = list.png; sourceTree = "<group>"; };
		E5EF2CF617D8341F00A865BC /* logo.png */ = {isa = PBXFileReference; lastKnownFileType = image.png; path = logo.png; sourceTree = "<group>"; };
		E5EF2CF717D8341F00A865BC /* map-pin.png */ = {isa = PBXFileReference; lastKnownFileType = image.png; path = "map-pin.png"; sourceTree = "<group>"; };
		E5EF2CF817D8341F00A865BC /* refresh.png */ = {isa = PBXFileReference; lastKnownFileType = image.png; path = refresh.png; sourceTree = "<group>"; };
		E5EF2CF917D8341F00A865BC /* settings.png */ = {isa = PBXFileReference; lastKnownFileType = image.png; path = settings.png; sourceTree = "<group>"; };
		E5EF2CFA17D8341F00A865BC /* tab-camera.png */ = {isa = PBXFileReference; lastKnownFileType = image.png; path = "tab-camera.png"; sourceTree = "<group>"; };
		E5EF2CFB17D8341F00A865BC /* tab-scout.png */ = {isa = PBXFileReference; lastKnownFileType = image.png; path = "tab-scout.png"; sourceTree = "<group>"; };
		E5EF2CFC17D8341F00A865BC /* tab-user.png */ = {isa = PBXFileReference; lastKnownFileType = image.png; path = "tab-user.png"; sourceTree = "<group>"; };
		E5EF2CFD17D8341F00A865BC /* user.png */ = {isa = PBXFileReference; lastKnownFileType = image.png; path = user.png; sourceTree = "<group>"; };
		E5EF2CFE17D8341F00A865BC /* zoom-handle.png */ = {isa = PBXFileReference; lastKnownFileType = image.png; path = "zoom-handle.png"; sourceTree = "<group>"; };
		E5EF2CFF17D8341F00A865BC /* zoom-in.png */ = {isa = PBXFileReference; lastKnownFileType = image.png; path = "zoom-in.png"; sourceTree = "<group>"; };
		E5EF2D0017D8341F00A865BC /* zoom-out.png */ = {isa = PBXFileReference; lastKnownFileType = image.png; path = "zoom-out.png"; sourceTree = "<group>"; };
		E5EF2D0217D8341F00A865BC /* button-facebook@2x.png */ = {isa = PBXFileReference; lastKnownFileType = image.png; path = "button-facebook@2x.png"; sourceTree = "<group>"; };
		E5EF2D0317D8341F00A865BC /* button-google-plus@2x.png */ = {isa = PBXFileReference; lastKnownFileType = image.png; path = "button-google-plus@2x.png"; sourceTree = "<group>"; };
		E5EF2D0417D8341F00A865BC /* button-instagram@2x.png */ = {isa = PBXFileReference; lastKnownFileType = image.png; path = "button-instagram@2x.png"; sourceTree = "<group>"; };
		E5EF2D0517D8341F00A865BC /* button-twitter@2x.png */ = {isa = PBXFileReference; lastKnownFileType = image.png; path = "button-twitter@2x.png"; sourceTree = "<group>"; };
		E5EF2D0617D8341F00A865BC /* button-yahoo@2x.png */ = {isa = PBXFileReference; lastKnownFileType = image.png; path = "button-yahoo@2x.png"; sourceTree = "<group>"; };
		E5EF2D0717D8341F00A865BC /* camera@2x.png */ = {isa = PBXFileReference; lastKnownFileType = image.png; path = "camera@2x.png"; sourceTree = "<group>"; };
		E5EF2D0817D8341F00A865BC /* carret@2x.png */ = {isa = PBXFileReference; lastKnownFileType = image.png; path = "carret@2x.png"; sourceTree = "<group>"; };
		E5EF2D0917D8341F00A865BC /* check-disabled@2x.png */ = {isa = PBXFileReference; lastKnownFileType = image.png; path = "check-disabled@2x.png"; sourceTree = "<group>"; };
		E5EF2D0A17D8341F00A865BC /* check@2x.png */ = {isa = PBXFileReference; lastKnownFileType = image.png; path = "check@2x.png"; sourceTree = "<group>"; };
		E5EF2D0B17D8341F00A865BC /* dummy.png */ = {isa = PBXFileReference; lastKnownFileType = image.png; path = dummy.png; sourceTree = "<group>"; };
		E5EF2D0C17D8341F00A865BC /* flash@2x.png */ = {isa = PBXFileReference; lastKnownFileType = image.png; path = "flash@2x.png"; sourceTree = "<group>"; };
		E5EF2D0D17D8341F00A865BC /* gallery@2x.png */ = {isa = PBXFileReference; lastKnownFileType = image.png; path = "gallery@2x.png"; sourceTree = "<group>"; };
		E5EF2D0E17D8341F00A865BC /* grid@2x.png */ = {isa = PBXFileReference; lastKnownFileType = image.png; path = "grid@2x.png"; sourceTree = "<group>"; };
		E5EF2D0F17D8341F00A865BC /* key@2x.png */ = {isa = PBXFileReference; lastKnownFileType = image.png; path = "key@2x.png"; sourceTree = "<group>"; };
		E5EF2D1017D8341F00A865BC /* list@2x.png */ = {isa = PBXFileReference; lastKnownFileType = image.png; path = "list@2x.png"; sourceTree = "<group>"; };
		E5EF2D1117D8341F00A865BC /* logo@2x.png */ = {isa = PBXFileReference; lastKnownFileType = image.png; path = "logo@2x.png"; sourceTree = "<group>"; };
		E5EF2D1217D8341F00A865BC /* map-pin@2x.png */ = {isa = PBXFileReference; lastKnownFileType = image.png; path = "map-pin@2x.png"; sourceTree = "<group>"; };
		E5EF2D1317D8341F00A865BC /* refresh@2x.png */ = {isa = PBXFileReference; lastKnownFileType = image.png; path = "refresh@2x.png"; sourceTree = "<group>"; };
		E5EF2D1417D8341F00A865BC /* settings@2x.png */ = {isa = PBXFileReference; lastKnownFileType = image.png; path = "settings@2x.png"; sourceTree = "<group>"; };
		E5EF2D1517D8341F00A865BC /* tab-camera@2x.png */ = {isa = PBXFileReference; lastKnownFileType = image.png; path = "tab-camera@2x.png"; sourceTree = "<group>"; };
		E5EF2D1617D8341F00A865BC /* tab-scout@2x.png */ = {isa = PBXFileReference; lastKnownFileType = image.png; path = "tab-scout@2x.png"; sourceTree = "<group>"; };
		E5EF2D1717D8341F00A865BC /* tab-user@2x.png */ = {isa = PBXFileReference; lastKnownFileType = image.png; path = "tab-user@2x.png"; sourceTree = "<group>"; };
		E5EF2D1817D8341F00A865BC /* user@2x.png */ = {isa = PBXFileReference; lastKnownFileType = image.png; path = "user@2x.png"; sourceTree = "<group>"; };
		E5EF2D1917D8341F00A865BC /* zoom-handle@2x.png */ = {isa = PBXFileReference; lastKnownFileType = image.png; path = "zoom-handle@2x.png"; sourceTree = "<group>"; };
		E5EF2D1A17D8341F00A865BC /* zoom-in@2x.png */ = {isa = PBXFileReference; lastKnownFileType = image.png; path = "zoom-in@2x.png"; sourceTree = "<group>"; };
		E5EF2D1B17D8341F00A865BC /* zoom-out@2x.png */ = {isa = PBXFileReference; lastKnownFileType = image.png; path = "zoom-out@2x.png"; sourceTree = "<group>"; };
		E5F89AE917CEEE94008DC419 /* CameraOverlayView.xib */ = {isa = PBXFileReference; fileEncoding = 4; lastKnownFileType = file.xib; path = CameraOverlayView.xib; sourceTree = "<group>"; };
		E5F89AEC17CEEF61008DC419 /* CropPhotoViewController.h */ = {isa = PBXFileReference; fileEncoding = 4; lastKnownFileType = sourcecode.c.h; path = CropPhotoViewController.h; sourceTree = "<group>"; };
		E5F89AED17CEEF61008DC419 /* CropPhotoViewController.m */ = {isa = PBXFileReference; fileEncoding = 4; lastKnownFileType = sourcecode.c.objc; path = CropPhotoViewController.m; sourceTree = "<group>"; };
		E5F89AEE17CEEF61008DC419 /* FilterViewController.h */ = {isa = PBXFileReference; fileEncoding = 4; lastKnownFileType = sourcecode.c.h; path = FilterViewController.h; sourceTree = "<group>"; };
		E5F89AEF17CEEF61008DC419 /* FilterViewController.m */ = {isa = PBXFileReference; fileEncoding = 4; lastKnownFileType = sourcecode.c.objc; path = FilterViewController.m; sourceTree = "<group>"; };
		E5F89AF017CEEF61008DC419 /* LogInViewController.h */ = {isa = PBXFileReference; fileEncoding = 4; lastKnownFileType = sourcecode.c.h; path = LogInViewController.h; sourceTree = "<group>"; };
		E5F89AF117CEEF61008DC419 /* LogInViewController.m */ = {isa = PBXFileReference; fileEncoding = 4; lastKnownFileType = sourcecode.c.objc; path = LogInViewController.m; sourceTree = "<group>"; };
		E5F89AF217CEEF61008DC419 /* MainMenuViewController.h */ = {isa = PBXFileReference; fileEncoding = 4; lastKnownFileType = sourcecode.c.h; path = MainMenuViewController.h; sourceTree = "<group>"; };
		E5F89AF317CEEF61008DC419 /* MainMenuViewController.m */ = {isa = PBXFileReference; fileEncoding = 4; lastKnownFileType = sourcecode.c.objc; path = MainMenuViewController.m; sourceTree = "<group>"; };
		E5F89AF417CEEF61008DC419 /* RegisterViewController.h */ = {isa = PBXFileReference; fileEncoding = 4; lastKnownFileType = sourcecode.c.h; path = RegisterViewController.h; sourceTree = "<group>"; };
		E5F89AF517CEEF61008DC419 /* RegisterViewController.m */ = {isa = PBXFileReference; fileEncoding = 4; lastKnownFileType = sourcecode.c.objc; path = RegisterViewController.m; sourceTree = "<group>"; };
		E5F89AFC17CEEF7F008DC419 /* BFCropInterface.h */ = {isa = PBXFileReference; fileEncoding = 4; lastKnownFileType = sourcecode.c.h; path = BFCropInterface.h; sourceTree = "<group>"; };
		E5F89AFD17CEEF7F008DC419 /* BFCropInterface.m */ = {isa = PBXFileReference; fileEncoding = 4; lastKnownFileType = sourcecode.c.objc; path = BFCropInterface.m; sourceTree = "<group>"; };
		E5F89AFF17CF3A67008DC419 /* AssetsLibrary.framework */ = {isa = PBXFileReference; lastKnownFileType = wrapper.framework; name = AssetsLibrary.framework; path = System/Library/Frameworks/AssetsLibrary.framework; sourceTree = SDKROOT; };
		E5F89B0317CF5557008DC419 /* PhotoDetailsViewController.h */ = {isa = PBXFileReference; fileEncoding = 4; lastKnownFileType = sourcecode.c.h; path = PhotoDetailsViewController.h; sourceTree = "<group>"; };
		E5F89B0417CF5557008DC419 /* PhotoDetailsViewController.m */ = {isa = PBXFileReference; fileEncoding = 4; lastKnownFileType = sourcecode.c.objc; path = PhotoDetailsViewController.m; sourceTree = "<group>"; };
		E5F8CA4B17DECFCA00A4FB96 /* collection@2x.png */ = {isa = PBXFileReference; lastKnownFileType = image.png; path = "collection@2x.png"; sourceTree = "<group>"; };
		E5F8CA4D17DECFD800A4FB96 /* search.png */ = {isa = PBXFileReference; lastKnownFileType = image.png; path = search.png; sourceTree = "<group>"; };
		E5F8CA4E17DECFD800A4FB96 /* collection.png */ = {isa = PBXFileReference; lastKnownFileType = image.png; path = collection.png; sourceTree = "<group>"; };
		E5F8CA5117DECFE700A4FB96 /* search@2x.png */ = {isa = PBXFileReference; lastKnownFileType = image.png; path = "search@2x.png"; sourceTree = "<group>"; };
		E5F8CA5317DEF52900A4FB96 /* PostPhotoViewController.h */ = {isa = PBXFileReference; fileEncoding = 4; lastKnownFileType = sourcecode.c.h; path = PostPhotoViewController.h; sourceTree = "<group>"; };
		E5F8CA5417DEF52900A4FB96 /* PostPhotoViewController.m */ = {isa = PBXFileReference; fileEncoding = 4; lastKnownFileType = sourcecode.c.objc; path = PostPhotoViewController.m; sourceTree = "<group>"; };
		E5F8CA5617DEFA1600A4FB96 /* GVTextView.h */ = {isa = PBXFileReference; fileEncoding = 4; lastKnownFileType = sourcecode.c.h; path = GVTextView.h; sourceTree = "<group>"; };
		E5F8CA5717DEFA1600A4FB96 /* GVTextView.m */ = {isa = PBXFileReference; fileEncoding = 4; lastKnownFileType = sourcecode.c.objc; path = GVTextView.m; sourceTree = "<group>"; };
		E5F8CA5917DF0D4700A4FB96 /* play@2x.png */ = {isa = PBXFileReference; lastKnownFileType = image.png; path = "play@2x.png"; sourceTree = "<group>"; };
		E5F8CA5A17DF0D4700A4FB96 /* lock-2@2x.png */ = {isa = PBXFileReference; lastKnownFileType = image.png; path = "lock-2@2x.png"; sourceTree = "<group>"; };
		E5F8CA5B17DF0D4700A4FB96 /* lock@2x.png */ = {isa = PBXFileReference; lastKnownFileType = image.png; path = "lock@2x.png"; sourceTree = "<group>"; };
		E5F8CA5C17DF0D4700A4FB96 /* navigation@2x.png */ = {isa = PBXFileReference; lastKnownFileType = image.png; path = "navigation@2x.png"; sourceTree = "<group>"; };
		E5F8CA5D17DF0D4700A4FB96 /* graph@2x.png */ = {isa = PBXFileReference; lastKnownFileType = image.png; path = "graph@2x.png"; sourceTree = "<group>"; };
		E5F8CA5E17DF0D4700A4FB96 /* compass@2x.png */ = {isa = PBXFileReference; lastKnownFileType = image.png; path = "compass@2x.png"; sourceTree = "<group>"; };
		E5F8CA5F17DF0D4700A4FB96 /* time@2x.png */ = {isa = PBXFileReference; lastKnownFileType = image.png; path = "time@2x.png"; sourceTree = "<group>"; };
		E5F8CA6017DF0D4700A4FB96 /* albums@2x.png */ = {isa = PBXFileReference; lastKnownFileType = image.png; path = "albums@2x.png"; sourceTree = "<group>"; };
		E5F8CA6117DF0D4700A4FB96 /* video@2x.png */ = {isa = PBXFileReference; lastKnownFileType = image.png; path = "video@2x.png"; sourceTree = "<group>"; };
		E5F8CA6217DF0D4700A4FB96 /* photo@2x.png */ = {isa = PBXFileReference; lastKnownFileType = image.png; path = "photo@2x.png"; sourceTree = "<group>"; };
		E5F8CA6D17DF0D6900A4FB96 /* play.png */ = {isa = PBXFileReference; lastKnownFileType = image.png; path = play.png; sourceTree = "<group>"; };
		E5F8CA6E17DF0D6900A4FB96 /* lock-2.png */ = {isa = PBXFileReference; lastKnownFileType = image.png; path = "lock-2.png"; sourceTree = "<group>"; };
		E5F8CA6F17DF0D6900A4FB96 /* lock.png */ = {isa = PBXFileReference; lastKnownFileType = image.png; path = lock.png; sourceTree = "<group>"; };
		E5F8CA7017DF0D6900A4FB96 /* navigation.png */ = {isa = PBXFileReference; lastKnownFileType = image.png; path = navigation.png; sourceTree = "<group>"; };
		E5F8CA7117DF0D6900A4FB96 /* graph.png */ = {isa = PBXFileReference; lastKnownFileType = image.png; path = graph.png; sourceTree = "<group>"; };
		E5F8CA7217DF0D6900A4FB96 /* compass.png */ = {isa = PBXFileReference; lastKnownFileType = image.png; path = compass.png; sourceTree = "<group>"; };
		E5F8CA7317DF0D6900A4FB96 /* time.png */ = {isa = PBXFileReference; lastKnownFileType = image.png; path = time.png; sourceTree = "<group>"; };
		E5F8CA7417DF0D6900A4FB96 /* albums.png */ = {isa = PBXFileReference; lastKnownFileType = image.png; path = albums.png; sourceTree = "<group>"; };
		E5F8CA7517DF0D6900A4FB96 /* video.png */ = {isa = PBXFileReference; lastKnownFileType = image.png; path = video.png; sourceTree = "<group>"; };
		E5F8CA7617DF0D6900A4FB96 /* photo.png */ = {isa = PBXFileReference; lastKnownFileType = image.png; path = photo.png; sourceTree = "<group>"; };
		E5F8CA8117DF1A8500A4FB96 /* AddActivityViewController.h */ = {isa = PBXFileReference; fileEncoding = 4; lastKnownFileType = sourcecode.c.h; path = AddActivityViewController.h; sourceTree = "<group>"; };
		E5F8CA8217DF1A8500A4FB96 /* AddActivityViewController.m */ = {isa = PBXFileReference; fileEncoding = 4; lastKnownFileType = sourcecode.c.objc; path = AddActivityViewController.m; sourceTree = "<group>"; };
		E65EC60E17D7067100D501B0 /* ImageIO.framework */ = {isa = PBXFileReference; lastKnownFileType = wrapper.framework; name = ImageIO.framework; path = System/Library/Frameworks/ImageIO.framework; sourceTree = SDKROOT; };
		E672104217CDCBB400C8B3AA /* CoreImage.framework */ = {isa = PBXFileReference; lastKnownFileType = wrapper.framework; name = CoreImage.framework; path = System/Library/Frameworks/CoreImage.framework; sourceTree = SDKROOT; };
		E6B44E4B17E17084009E4DBA /* MapViewController.h */ = {isa = PBXFileReference; fileEncoding = 4; lastKnownFileType = sourcecode.c.h; path = MapViewController.h; sourceTree = "<group>"; };
		E6B44E4C17E17084009E4DBA /* MapViewController.m */ = {isa = PBXFileReference; fileEncoding = 4; lastKnownFileType = sourcecode.c.objc; path = MapViewController.m; sourceTree = "<group>"; };
		E6B44E4E17E170F2009E4DBA /* MapKit.framework */ = {isa = PBXFileReference; lastKnownFileType = wrapper.framework; name = MapKit.framework; path = System/Library/Frameworks/MapKit.framework; sourceTree = SDKROOT; };
		E6CB3C0017BDD580003FC378 /* gravitly-ios.app */ = {isa = PBXFileReference; explicitFileType = wrapper.application; includeInIndex = 0; path = "gravitly-ios.app"; sourceTree = BUILT_PRODUCTS_DIR; };
		E6CB3C0317BDD580003FC378 /* UIKit.framework */ = {isa = PBXFileReference; lastKnownFileType = wrapper.framework; name = UIKit.framework; path = System/Library/Frameworks/UIKit.framework; sourceTree = SDKROOT; };
		E6CB3C0517BDD580003FC378 /* Foundation.framework */ = {isa = PBXFileReference; lastKnownFileType = wrapper.framework; name = Foundation.framework; path = System/Library/Frameworks/Foundation.framework; sourceTree = SDKROOT; };
		E6CB3C0717BDD580003FC378 /* CoreGraphics.framework */ = {isa = PBXFileReference; lastKnownFileType = wrapper.framework; name = CoreGraphics.framework; path = System/Library/Frameworks/CoreGraphics.framework; sourceTree = SDKROOT; };
		E6CB3C0B17BDD580003FC378 /* gravitly-ios-Info.plist */ = {isa = PBXFileReference; lastKnownFileType = text.plist.xml; path = "gravitly-ios-Info.plist"; sourceTree = "<group>"; };
		E6CB3C0D17BDD580003FC378 /* en */ = {isa = PBXFileReference; lastKnownFileType = text.plist.strings; name = en; path = en.lproj/InfoPlist.strings; sourceTree = "<group>"; };
		E6CB3C0F17BDD580003FC378 /* main.m */ = {isa = PBXFileReference; lastKnownFileType = sourcecode.c.objc; path = main.m; sourceTree = "<group>"; };
		E6CB3C1117BDD580003FC378 /* gravitly-ios-Prefix.pch */ = {isa = PBXFileReference; lastKnownFileType = sourcecode.c.h; path = "gravitly-ios-Prefix.pch"; sourceTree = "<group>"; };
		E6CB3C1217BDD580003FC378 /* AppDelegate.h */ = {isa = PBXFileReference; lastKnownFileType = sourcecode.c.h; path = AppDelegate.h; sourceTree = "<group>"; };
		E6CB3C1317BDD580003FC378 /* AppDelegate.m */ = {isa = PBXFileReference; lastKnownFileType = sourcecode.c.objc; path = AppDelegate.m; sourceTree = "<group>"; };
		E6CB3C1517BDD580003FC378 /* Default.png */ = {isa = PBXFileReference; lastKnownFileType = image.png; path = Default.png; sourceTree = "<group>"; };
		E6CB3C1717BDD580003FC378 /* Default@2x.png */ = {isa = PBXFileReference; lastKnownFileType = image.png; path = "Default@2x.png"; sourceTree = "<group>"; };
		E6CB3C1917BDD580003FC378 /* Default-568h@2x.png */ = {isa = PBXFileReference; lastKnownFileType = image.png; path = "Default-568h@2x.png"; sourceTree = "<group>"; };
		E6CB3C1C17BDD580003FC378 /* en */ = {isa = PBXFileReference; lastKnownFileType = file.storyboard; name = en; path = en.lproj/MainStoryboard.storyboard; sourceTree = "<group>"; };
/* End PBXFileReference section */

/* Begin PBXFrameworksBuildPhase section */
		E6CB3BFD17BDD580003FC378 /* Frameworks */ = {
			isa = PBXFrameworksBuildPhase;
			buildActionMask = 2147483647;
			files = (
				E6B44E4F17E170F2009E4DBA /* MapKit.framework in Frameworks */,
				E65EC60F17D7067100D501B0 /* ImageIO.framework in Frameworks */,
				E5E53A8017D02D920098A916 /* SystemConfiguration.framework in Frameworks */,
				E5E53A7E17D02D8B0098A916 /* StoreKit.framework in Frameworks */,
				E5E53A7C17D02D850098A916 /* Security.framework in Frameworks */,
				E5E53A7A17D02D720098A916 /* QuartzCore.framework in Frameworks */,
				E5E53A7817D02D6A0098A916 /* MobileCoreServices.framework in Frameworks */,
				E5E53A7617D02D620098A916 /* libz.1.1.3.dylib in Frameworks */,
				E5E53A7417D02D590098A916 /* CoreLocation.framework in Frameworks */,
				E6CB3C0817BDD580003FC378 /* CoreGraphics.framework in Frameworks */,
				E5E53A7217D02D480098A916 /* CFNetwork.framework in Frameworks */,
				E5E53A7017D02D3E0098A916 /* AudioToolbox.framework in Frameworks */,
				E5F89B0017CF3A67008DC419 /* AssetsLibrary.framework in Frameworks */,
				E672104317CDCBB400C8B3AA /* CoreImage.framework in Frameworks */,
				E6CB3C0417BDD580003FC378 /* UIKit.framework in Frameworks */,
				E6CB3C0617BDD580003FC378 /* Foundation.framework in Frameworks */,
				A7529514BD6442958BAD38F1 /* libPods.a in Frameworks */,
				E5E53A6E17D02D260098A916 /* Parse.framework in Frameworks */,
				E5E53A8217D02EF70098A916 /* FacebookSDK.framework in Frameworks */,
			);
			runOnlyForDeploymentPostprocessing = 0;
		};
/* End PBXFrameworksBuildPhase section */

/* Begin PBXGroup section */
		E541609E17D7295D00A51F17 /* Resource Images */ = {
			isa = PBXGroup;
			children = (
				E5EF2CE617D8341F00A865BC /* non-retina */,
				E5EF2D0117D8341F00A865BC /* retina */,
			);
			path = "Resource Images";
			sourceTree = "<group>";
		};
		E5D2065A17D5CE79006D845A /* Utils */ = {
			isa = PBXGroup;
			children = (
				E598631017F137FA00303954 /* UIImage+Scale.h */,
				E598631117F137FA00303954 /* UIImage+Scale.m */,
				E5144FC117F011A40065C2A9 /* UIImage+Alpha.h */,
				E5144FC217F011A40065C2A9 /* UIImage+Alpha.m */,
				E5144FC317F011A40065C2A9 /* UIImage+Resize.h */,
				E5144FC417F011A40065C2A9 /* UIImage+Resize.m */,
				E5144FC517F011A40065C2A9 /* UIImage+RoundedCorner.h */,
				E5144FC617F011A40065C2A9 /* UIImage+RoundedCorner.m */,
				E534E2B217D6B2A000BAF28C /* GVCommons.h */,
				E501A38817EBFE4B00753CA0 /* GVHTTPClient.h */,
				E501A38917EBFE4B00753CA0 /* GVHTTPClient.m */,
				E5561D3217EAE4FF001C2161 /* GVAFHTTPManager.h */,
				E5561D3317EAE4FF001C2161 /* GVAFHTTPManager.m */,
			);
			path = Utils;
			sourceTree = "<group>";
		};
		E5D2065B17D5D4C7006D845A /* Fonts */ = {
			isa = PBXGroup;
			children = (
				E5D2065C17D5D4C7006D845A /* Roboto_Condensed */,
			);
			path = Fonts;
			sourceTree = "<group>";
		};
		E5D2065C17D5D4C7006D845A /* Roboto_Condensed */ = {
			isa = PBXGroup;
			children = (
				E5D2066917D5D767006D845A /* Signika-Light.ttf */,
				E5D2065D17D5D4C7006D845A /* RobotoCondensed-Bold.ttf */,
				E5D2065E17D5D4C7006D845A /* RobotoCondensed-BoldItalic.ttf */,
				E5D2065F17D5D4C7006D845A /* RobotoCondensed-Italic.ttf */,
				E5D2066017D5D4C7006D845A /* RobotoCondensed-Light.ttf */,
				E5D2066117D5D4C7006D845A /* RobotoCondensed-LightItalic.ttf */,
				E5D2066217D5D4C7006D845A /* RobotoCondensed-Regular.ttf */,
			);
			path = Roboto_Condensed;
			sourceTree = "<group>";
		};
		E5E53A8A17D060A70098A916 /* Filters */ = {
			isa = PBXGroup;
			children = (
				E5E53A9117D067850098A916 /* 1977.acv */,
				E5E53A9217D067850098A916 /* Brannan.acv */,
				E5E53A9317D067850098A916 /* Gotham.acv */,
				E5E53A9417D067850098A916 /* Hefe.acv */,
				E5E53A9517D067850098A916 /* Lord Kelvin.acv */,
				E5E53A9617D067850098A916 /* Nashville.acv */,
				E5E53A9717D067850098A916 /* X-PRO II.acv */,
				E5E53A8F17D064B10098A916 /* yellow-red.acv */,
				E5E53A8D17D064A90098A916 /* aqua.acv */,
				E5E53A8B17D060E10098A916 /* crossprocess.acv */,
			);
			path = Filters;
			sourceTree = "<group>";
		};
		E5EF2CE617D8341F00A865BC /* non-retina */ = {
			isa = PBXGroup;
			children = (
				E5F8CA6D17DF0D6900A4FB96 /* play.png */,
				E5F8CA6E17DF0D6900A4FB96 /* lock-2.png */,
				E5F8CA6F17DF0D6900A4FB96 /* lock.png */,
				E5F8CA7017DF0D6900A4FB96 /* navigation.png */,
				E5F8CA7117DF0D6900A4FB96 /* graph.png */,
				E5F8CA7217DF0D6900A4FB96 /* compass.png */,
				E5F8CA7317DF0D6900A4FB96 /* time.png */,
				E5F8CA7417DF0D6900A4FB96 /* albums.png */,
				E5F8CA7517DF0D6900A4FB96 /* video.png */,
				E5F8CA7617DF0D6900A4FB96 /* photo.png */,
				E566857F17D9CBBC00D76112 /* camera-grid.png */,
				E50A261917D9A45B00DED805 /* check-big.png */,
				E5F8CA4D17DECFD800A4FB96 /* search.png */,
				E5F8CA4E17DECFD800A4FB96 /* collection.png */,
				E5EF2CE717D8341F00A865BC /* button-facebook.png */,
				E5EF2CE817D8341F00A865BC /* button-google-plus.png */,
				E5EF2CE917D8341F00A865BC /* button-instagram.png */,
				E5EF2CEA17D8341F00A865BC /* button-twitter.png */,
				E5EF2CEB17D8341F00A865BC /* button-yahoo.png */,
				E5EF2CEC17D8341F00A865BC /* camera.png */,
				E5EF2CED17D8341F00A865BC /* carret.png */,
				E5EF2CEE17D8341F00A865BC /* check-disabled.png */,
				E5EF2CEF17D8341F00A865BC /* check.png */,
				E5EF2CF017D8341F00A865BC /* dummy.png */,
				E5EF2CF117D8341F00A865BC /* flash.png */,
				E5EF2CF217D8341F00A865BC /* gallery.png */,
				E5EF2CF317D8341F00A865BC /* grid.png */,
				E5EF2CF417D8341F00A865BC /* key.png */,
				E5EF2CF517D8341F00A865BC /* list.png */,
				E5EF2CF617D8341F00A865BC /* logo.png */,
				E5EF2CF717D8341F00A865BC /* map-pin.png */,
				E5EF2CF817D8341F00A865BC /* refresh.png */,
				E5EF2CF917D8341F00A865BC /* settings.png */,
				E5EF2CFA17D8341F00A865BC /* tab-camera.png */,
				E5EF2CFB17D8341F00A865BC /* tab-scout.png */,
				E5EF2CFC17D8341F00A865BC /* tab-user.png */,
				E5EF2CFD17D8341F00A865BC /* user.png */,
				E5EF2CFE17D8341F00A865BC /* zoom-handle.png */,
				E5EF2CFF17D8341F00A865BC /* zoom-in.png */,
				E5EF2D0017D8341F00A865BC /* zoom-out.png */,
			);
			path = "non-retina";
			sourceTree = "<group>";
		};
		E5EF2D0117D8341F00A865BC /* retina */ = {
			isa = PBXGroup;
			children = (
				E5F8CA5917DF0D4700A4FB96 /* play@2x.png */,
				E5F8CA5A17DF0D4700A4FB96 /* lock-2@2x.png */,
				E5F8CA5B17DF0D4700A4FB96 /* lock@2x.png */,
				E5F8CA5C17DF0D4700A4FB96 /* navigation@2x.png */,
				E5F8CA5D17DF0D4700A4FB96 /* graph@2x.png */,
				E5F8CA5E17DF0D4700A4FB96 /* compass@2x.png */,
				E5F8CA5F17DF0D4700A4FB96 /* time@2x.png */,
				E5F8CA6017DF0D4700A4FB96 /* albums@2x.png */,
				E5F8CA6117DF0D4700A4FB96 /* video@2x.png */,
				E5F8CA6217DF0D4700A4FB96 /* photo@2x.png */,
				E5F8CA4B17DECFCA00A4FB96 /* collection@2x.png */,
				E5F8CA5117DECFE700A4FB96 /* search@2x.png */,
				E566858117D9CBC500D76112 /* camera-grid@2x.png */,
				E50A261B17D9A46700DED805 /* check-big@2x.png */,
				E5EF2D0217D8341F00A865BC /* button-facebook@2x.png */,
				E5EF2D0317D8341F00A865BC /* button-google-plus@2x.png */,
				E5EF2D0417D8341F00A865BC /* button-instagram@2x.png */,
				E5EF2D0517D8341F00A865BC /* button-twitter@2x.png */,
				E5EF2D0617D8341F00A865BC /* button-yahoo@2x.png */,
				E5EF2D0717D8341F00A865BC /* camera@2x.png */,
				E5EF2D0817D8341F00A865BC /* carret@2x.png */,
				E5EF2D0917D8341F00A865BC /* check-disabled@2x.png */,
				E5EF2D0A17D8341F00A865BC /* check@2x.png */,
				E5EF2D0B17D8341F00A865BC /* dummy.png */,
				E5EF2D0C17D8341F00A865BC /* flash@2x.png */,
				E5EF2D0D17D8341F00A865BC /* gallery@2x.png */,
				E5EF2D0E17D8341F00A865BC /* grid@2x.png */,
				E5EF2D0F17D8341F00A865BC /* key@2x.png */,
				E5EF2D1017D8341F00A865BC /* list@2x.png */,
				E5EF2D1117D8341F00A865BC /* logo@2x.png */,
				E5EF2D1217D8341F00A865BC /* map-pin@2x.png */,
				E5EF2D1317D8341F00A865BC /* refresh@2x.png */,
				E5EF2D1417D8341F00A865BC /* settings@2x.png */,
				E5EF2D1517D8341F00A865BC /* tab-camera@2x.png */,
				E5EF2D1617D8341F00A865BC /* tab-scout@2x.png */,
				E5EF2D1717D8341F00A865BC /* tab-user@2x.png */,
				E5EF2D1817D8341F00A865BC /* user@2x.png */,
				E5EF2D1917D8341F00A865BC /* zoom-handle@2x.png */,
				E5EF2D1A17D8341F00A865BC /* zoom-in@2x.png */,
				E5EF2D1B17D8341F00A865BC /* zoom-out@2x.png */,
			);
			path = retina;
			sourceTree = "<group>";
		};
		E5F89AE817CEEE72008DC419 /* Views */ = {
			isa = PBXGroup;
			children = (
				E5951BBD17D6CD610040E1D8 /* GVLabel.h */,
				E5951BBE17D6CD610040E1D8 /* GVLabel.m */,
				E5D2065717D5CD27006D845A /* GVButton.h */,
				E5D2065817D5CD27006D845A /* GVButton.m */,
				E5561D2F17EAAB02001C2161 /* GVNavButton.h */,
				E5561D3017EAAB02001C2161 /* GVNavButton.m */,
				E5F89AE917CEEE94008DC419 /* CameraOverlayView.xib */,
				E5D206CC17D5DF0B006D845A /* GVBaseViewController.h */,
				E5D206CD17D5DF0B006D845A /* GVBaseViewController.m */,
				E5D206CF17D5E15E006D845A /* GVTableCell.h */,
				E5D206D017D5E15E006D845A /* GVTableCell.m */,
				E5D206D217D5E176006D845A /* GVTableCell.xib */,
				E5D206D417D5E381006D845A /* GVTextField.h */,
				E5D206D517D5E381006D845A /* GVTextField.m */,
				E5951BB217D6BF760040E1D8 /* GVColor.h */,
				E5951BB317D6BF760040E1D8 /* GVColor.m */,
				E5F8CA5617DEFA1600A4FB96 /* GVTextView.h */,
				E5F8CA5717DEFA1600A4FB96 /* GVTextView.m */,
				E5951BB517D6C4860040E1D8 /* SocialMediaAccountsView.xib */,
				E5951BBA17D6C4E70040E1D8 /* SocialMediaAccountsController.h */,
				E5951BBB17D6C4E70040E1D8 /* SocialMediaAccountsController.m */,
			);
			path = Views;
			sourceTree = "<group>";
		};
		E5F89AEB17CEEF61008DC419 /* Controllers */ = {
			isa = PBXGroup;
			children = (
				E5951BC017D6DBA50040E1D8 /* SplashViewController.h */,
				E5951BC117D6DBA50040E1D8 /* SplashViewController.m */,
				E5F89AEC17CEEF61008DC419 /* CropPhotoViewController.h */,
				E5F89AED17CEEF61008DC419 /* CropPhotoViewController.m */,
				E5F89AEE17CEEF61008DC419 /* FilterViewController.h */,
				E5F89AEF17CEEF61008DC419 /* FilterViewController.m */,
				E5F89AF017CEEF61008DC419 /* LogInViewController.h */,
				E5F89AF117CEEF61008DC419 /* LogInViewController.m */,
				E5F89AF217CEEF61008DC419 /* MainMenuViewController.h */,
				E5F89AF317CEEF61008DC419 /* MainMenuViewController.m */,
				E5F89AF417CEEF61008DC419 /* RegisterViewController.h */,
				E5F89AF517CEEF61008DC419 /* RegisterViewController.m */,
				E5F89B0317CF5557008DC419 /* PhotoDetailsViewController.h */,
				E5F89B0417CF5557008DC419 /* PhotoDetailsViewController.m */,
				E54160D117D73C3D00A51F17 /* TabBarViewController.h */,
				E54160D217D73C3E00A51F17 /* TabBarViewController.m */,
				E54160D417D73CD600A51F17 /* CameraViewController.h */,
				E54160D517D73CD600A51F17 /* CameraViewController.m */,
				E55A396817DDB4A100DC172F /* ScoutViewController.h */,
				E55A396917DDB4A100DC172F /* ScoutViewController.m */,
				E5F8CA5317DEF52900A4FB96 /* PostPhotoViewController.h */,
				E5F8CA5417DEF52900A4FB96 /* PostPhotoViewController.m */,
				E5F8CA8117DF1A8500A4FB96 /* AddActivityViewController.h */,
				E5F8CA8217DF1A8500A4FB96 /* AddActivityViewController.m */,
				E6B44E4B17E17084009E4DBA /* MapViewController.h */,
				E6B44E4C17E17084009E4DBA /* MapViewController.m */,
			);
			path = Controllers;
			sourceTree = "<group>";
		};
		E5F89AFB17CEEF7F008DC419 /* External Classes */ = {
			isa = PBXGroup;
			children = (
				E5E53A8717D03CC30098A916 /* BlurOverlayView.h */,
				E5E53A8817D03CC30098A916 /* BlurOverlayView.m */,
				E5F89AFC17CEEF7F008DC419 /* BFCropInterface.h */,
				E5F89AFD17CEEF7F008DC419 /* BFCropInterface.m */,
			);
			path = "External Classes";
			sourceTree = "<group>";
		};
		E61FF32B17BDECF700F1D648 /* AppDelegate */ = {
			isa = PBXGroup;
			children = (
				E6CB3C1217BDD580003FC378 /* AppDelegate.h */,
				E6CB3C1317BDD580003FC378 /* AppDelegate.m */,
				E6CB3C1B17BDD580003FC378 /* MainStoryboard.storyboard */,
			);
			name = AppDelegate;
			sourceTree = "<group>";
		};
		E6CB3BF717BDD580003FC378 = {
			isa = PBXGroup;
			children = (
				E5D205F617D58EC2006D845A /* icon@2x.png */,
				E5D205F417D58EB9006D845A /* icon.png */,
				E6CB3C0917BDD580003FC378 /* gravitly-ios */,
				E6CB3C0217BDD580003FC378 /* Frameworks */,
				E6CB3C0117BDD580003FC378 /* Products */,
				AB189CE549854FD58563ABC5 /* Pods.xcconfig */,
			);
			sourceTree = "<group>";
		};
		E6CB3C0117BDD580003FC378 /* Products */ = {
			isa = PBXGroup;
			children = (
				E6CB3C0017BDD580003FC378 /* gravitly-ios.app */,
			);
			name = Products;
			sourceTree = "<group>";
		};
		E6CB3C0217BDD580003FC378 /* Frameworks */ = {
			isa = PBXGroup;
			children = (
				E6B44E4E17E170F2009E4DBA /* MapKit.framework */,
				E65EC60E17D7067100D501B0 /* ImageIO.framework */,
				E5E53A8117D02EF70098A916 /* FacebookSDK.framework */,
				E5E53A7F17D02D920098A916 /* SystemConfiguration.framework */,
				E5E53A7D17D02D8B0098A916 /* StoreKit.framework */,
				E5E53A7B17D02D850098A916 /* Security.framework */,
				E5E53A7917D02D720098A916 /* QuartzCore.framework */,
				E5E53A7717D02D6A0098A916 /* MobileCoreServices.framework */,
				E5E53A7517D02D620098A916 /* libz.1.1.3.dylib */,
				E5E53A7317D02D590098A916 /* CoreLocation.framework */,
				E5E53A7117D02D480098A916 /* CFNetwork.framework */,
				E5E53A6F17D02D3E0098A916 /* AudioToolbox.framework */,
				E5F89AFF17CF3A67008DC419 /* AssetsLibrary.framework */,
				E5E53A6D17D02D260098A916 /* Parse.framework */,
				E672104217CDCBB400C8B3AA /* CoreImage.framework */,
				E6CB3C0317BDD580003FC378 /* UIKit.framework */,
				E6CB3C0517BDD580003FC378 /* Foundation.framework */,
				E6CB3C0717BDD580003FC378 /* CoreGraphics.framework */,
				9C6EAD71127F4CBDB5EAA73F /* libPods.a */,
			);
			name = Frameworks;
			sourceTree = "<group>";
		};
		E6CB3C0917BDD580003FC378 /* gravitly-ios */ = {
			isa = PBXGroup;
			children = (
				E61FF32B17BDECF700F1D648 /* AppDelegate */,
				E6CB3C0A17BDD580003FC378 /* Supporting Files */,
				E5D2065A17D5CE79006D845A /* Utils */,
				E5F89AEB17CEEF61008DC419 /* Controllers */,
				E5F89AE817CEEE72008DC419 /* Views */,
				E5F89AFB17CEEF7F008DC419 /* External Classes */,
			);
			path = "gravitly-ios";
			sourceTree = "<group>";
		};
		E6CB3C0A17BDD580003FC378 /* Supporting Files */ = {
			isa = PBXGroup;
			children = (
				E541609E17D7295D00A51F17 /* Resource Images */,
				E5D2065B17D5D4C7006D845A /* Fonts */,
				E5E53A8A17D060A70098A916 /* Filters */,
				E6CB3C0B17BDD580003FC378 /* gravitly-ios-Info.plist */,
				E6CB3C0C17BDD580003FC378 /* InfoPlist.strings */,
				E6CB3C0F17BDD580003FC378 /* main.m */,
				E6CB3C1117BDD580003FC378 /* gravitly-ios-Prefix.pch */,
				E6CB3C1517BDD580003FC378 /* Default.png */,
				E6CB3C1717BDD580003FC378 /* Default@2x.png */,
				E6CB3C1917BDD580003FC378 /* Default-568h@2x.png */,
			);
			name = "Supporting Files";
			sourceTree = "<group>";
		};
/* End PBXGroup section */

/* Begin PBXNativeTarget section */
		E6CB3BFF17BDD580003FC378 /* gravitly-ios */ = {
			isa = PBXNativeTarget;
			buildConfigurationList = E6CB3C2317BDD580003FC378 /* Build configuration list for PBXNativeTarget "gravitly-ios" */;
			buildPhases = (
				5AD5842C00CD41D989BE78A7 /* Check Pods Manifest.lock */,
				E6CB3BFC17BDD580003FC378 /* Sources */,
				E6CB3BFD17BDD580003FC378 /* Frameworks */,
				E6CB3BFE17BDD580003FC378 /* Resources */,
				DC4F125BA9BB41A9A245272B /* Copy Pods Resources */,
			);
			buildRules = (
			);
			dependencies = (
			);
			name = "gravitly-ios";
			productName = "gravitly-ios";
			productReference = E6CB3C0017BDD580003FC378 /* gravitly-ios.app */;
			productType = "com.apple.product-type.application";
		};
/* End PBXNativeTarget section */

/* Begin PBXProject section */
		E6CB3BF817BDD580003FC378 /* Project object */ = {
			isa = PBXProject;
			attributes = {
				LastUpgradeCheck = 0460;
				ORGANIZATIONNAME = "Geric Encarnacion";
			};
			buildConfigurationList = E6CB3BFB17BDD580003FC378 /* Build configuration list for PBXProject "gravitly-ios" */;
			compatibilityVersion = "Xcode 3.2";
			developmentRegion = English;
			hasScannedForEncodings = 0;
			knownRegions = (
				en,
			);
			mainGroup = E6CB3BF717BDD580003FC378;
			productRefGroup = E6CB3C0117BDD580003FC378 /* Products */;
			projectDirPath = "";
			projectRoot = "";
			targets = (
				E6CB3BFF17BDD580003FC378 /* gravitly-ios */,
			);
		};
/* End PBXProject section */

/* Begin PBXResourcesBuildPhase section */
		E6CB3BFE17BDD580003FC378 /* Resources */ = {
			isa = PBXResourcesBuildPhase;
			buildActionMask = 2147483647;
			files = (
				E6CB3C0E17BDD580003FC378 /* InfoPlist.strings in Resources */,
				E6CB3C1617BDD580003FC378 /* Default.png in Resources */,
				E6CB3C1817BDD580003FC378 /* Default@2x.png in Resources */,
				E6CB3C1A17BDD580003FC378 /* Default-568h@2x.png in Resources */,
				E6CB3C1D17BDD580003FC378 /* MainStoryboard.storyboard in Resources */,
				E5F89AEA17CEEE94008DC419 /* CameraOverlayView.xib in Resources */,
				E5E53A8C17D060E10098A916 /* crossprocess.acv in Resources */,
				E5E53A8E17D064AA0098A916 /* aqua.acv in Resources */,
				E5E53A9017D064B10098A916 /* yellow-red.acv in Resources */,
				E5E53A9817D067850098A916 /* 1977.acv in Resources */,
				E5E53A9917D067850098A916 /* Brannan.acv in Resources */,
				E5E53A9A17D067850098A916 /* Gotham.acv in Resources */,
				E5E53A9B17D067850098A916 /* Hefe.acv in Resources */,
				E5E53A9C17D067850098A916 /* Lord Kelvin.acv in Resources */,
				E5E53A9D17D067850098A916 /* Nashville.acv in Resources */,
				E5E53A9E17D067850098A916 /* X-PRO II.acv in Resources */,
				E5D205F517D58EB9006D845A /* icon.png in Resources */,
				E5D205F717D58EC2006D845A /* icon@2x.png in Resources */,
				E5D2066317D5D4C7006D845A /* RobotoCondensed-Bold.ttf in Resources */,
				E5D2066417D5D4C7006D845A /* RobotoCondensed-BoldItalic.ttf in Resources */,
				E5D2066517D5D4C7006D845A /* RobotoCondensed-Italic.ttf in Resources */,
				E5D2066617D5D4C7006D845A /* RobotoCondensed-Light.ttf in Resources */,
				E5D2066717D5D4C7006D845A /* RobotoCondensed-LightItalic.ttf in Resources */,
				E5D2066817D5D4C7006D845A /* RobotoCondensed-Regular.ttf in Resources */,
				E5D2066A17D5D767006D845A /* Signika-Light.ttf in Resources */,
				E5D206D317D5E176006D845A /* GVTableCell.xib in Resources */,
				E5951BB617D6C4860040E1D8 /* SocialMediaAccountsView.xib in Resources */,
				E5EF2D1C17D8341F00A865BC /* button-facebook.png in Resources */,
				E5EF2D1D17D8341F00A865BC /* button-google-plus.png in Resources */,
				E5EF2D1E17D8341F00A865BC /* button-instagram.png in Resources */,
				E5EF2D1F17D8341F00A865BC /* button-twitter.png in Resources */,
				E5EF2D2017D8341F00A865BC /* button-yahoo.png in Resources */,
				E5EF2D2117D8341F00A865BC /* camera.png in Resources */,
				E5EF2D2217D8341F00A865BC /* carret.png in Resources */,
				E5EF2D2317D8341F00A865BC /* check-disabled.png in Resources */,
				E5EF2D2417D8341F00A865BC /* check.png in Resources */,
				E5EF2D2517D8341F00A865BC /* dummy.png in Resources */,
				E5EF2D2617D8341F00A865BC /* flash.png in Resources */,
				E5EF2D2717D8341F00A865BC /* gallery.png in Resources */,
				E5EF2D2817D8341F00A865BC /* grid.png in Resources */,
				E5EF2D2917D8341F00A865BC /* key.png in Resources */,
				E5EF2D2A17D8341F00A865BC /* list.png in Resources */,
				E5EF2D2B17D8341F00A865BC /* logo.png in Resources */,
				E5EF2D2C17D8341F00A865BC /* map-pin.png in Resources */,
				E5EF2D2D17D8341F00A865BC /* refresh.png in Resources */,
				E5EF2D2E17D8341F00A865BC /* settings.png in Resources */,
				E5EF2D2F17D8341F00A865BC /* tab-camera.png in Resources */,
				E5EF2D3017D8341F00A865BC /* tab-scout.png in Resources */,
				E5EF2D3117D8341F00A865BC /* tab-user.png in Resources */,
				E5EF2D3217D8341F00A865BC /* user.png in Resources */,
				E5EF2D3317D8341F00A865BC /* zoom-handle.png in Resources */,
				E5EF2D3417D8341F00A865BC /* zoom-in.png in Resources */,
				E5EF2D3517D8341F00A865BC /* zoom-out.png in Resources */,
				E5EF2D3617D8341F00A865BC /* button-facebook@2x.png in Resources */,
				E5EF2D3717D8341F00A865BC /* button-google-plus@2x.png in Resources */,
				E5EF2D3817D8341F00A865BC /* button-instagram@2x.png in Resources */,
				E5EF2D3917D8341F00A865BC /* button-twitter@2x.png in Resources */,
				E5EF2D3A17D8341F00A865BC /* button-yahoo@2x.png in Resources */,
				E5EF2D3B17D8341F00A865BC /* camera@2x.png in Resources */,
				E5EF2D3C17D8341F00A865BC /* carret@2x.png in Resources */,
				E5EF2D3D17D8341F00A865BC /* check-disabled@2x.png in Resources */,
				E5EF2D3E17D8341F00A865BC /* check@2x.png in Resources */,
				E5EF2D3F17D8341F00A865BC /* dummy.png in Resources */,
				E5EF2D4017D8341F00A865BC /* flash@2x.png in Resources */,
				E5EF2D4117D8341F00A865BC /* gallery@2x.png in Resources */,
				E5EF2D4217D8341F00A865BC /* grid@2x.png in Resources */,
				E5EF2D4317D8341F00A865BC /* key@2x.png in Resources */,
				E5EF2D4417D8341F00A865BC /* list@2x.png in Resources */,
				E5EF2D4517D8341F00A865BC /* logo@2x.png in Resources */,
				E5EF2D4617D8341F00A865BC /* map-pin@2x.png in Resources */,
				E5EF2D4717D8341F00A865BC /* refresh@2x.png in Resources */,
				E5EF2D4817D8341F00A865BC /* settings@2x.png in Resources */,
				E5EF2D4917D8341F00A865BC /* tab-camera@2x.png in Resources */,
				E5EF2D4A17D8341F00A865BC /* tab-scout@2x.png in Resources */,
				E5EF2D4B17D8341F00A865BC /* tab-user@2x.png in Resources */,
				E5EF2D4C17D8341F00A865BC /* user@2x.png in Resources */,
				E5EF2D4D17D8341F00A865BC /* zoom-handle@2x.png in Resources */,
				E5EF2D4E17D8341F00A865BC /* zoom-in@2x.png in Resources */,
				E5EF2D4F17D8341F00A865BC /* zoom-out@2x.png in Resources */,
				E50A261A17D9A45B00DED805 /* check-big.png in Resources */,
				E50A261C17D9A46700DED805 /* check-big@2x.png in Resources */,
				E566858017D9CBBC00D76112 /* camera-grid.png in Resources */,
				E566858217D9CBC500D76112 /* camera-grid@2x.png in Resources */,
				E5F8CA4C17DECFCA00A4FB96 /* collection@2x.png in Resources */,
				E5F8CA4F17DECFD800A4FB96 /* search.png in Resources */,
				E5F8CA5017DECFD800A4FB96 /* collection.png in Resources */,
				E5F8CA5217DECFE700A4FB96 /* search@2x.png in Resources */,
				E5F8CA6317DF0D4700A4FB96 /* play@2x.png in Resources */,
				E5F8CA6417DF0D4700A4FB96 /* lock-2@2x.png in Resources */,
				E5F8CA6517DF0D4700A4FB96 /* lock@2x.png in Resources */,
				E5F8CA6617DF0D4700A4FB96 /* navigation@2x.png in Resources */,
				E5F8CA6717DF0D4700A4FB96 /* graph@2x.png in Resources */,
				E5F8CA6817DF0D4700A4FB96 /* compass@2x.png in Resources */,
				E5F8CA6917DF0D4700A4FB96 /* time@2x.png in Resources */,
				E5F8CA6A17DF0D4700A4FB96 /* albums@2x.png in Resources */,
				E5F8CA6B17DF0D4700A4FB96 /* video@2x.png in Resources */,
				E5F8CA6C17DF0D4700A4FB96 /* photo@2x.png in Resources */,
				E5F8CA7717DF0D6900A4FB96 /* play.png in Resources */,
				E5F8CA7817DF0D6900A4FB96 /* lock-2.png in Resources */,
				E5F8CA7917DF0D6900A4FB96 /* lock.png in Resources */,
				E5F8CA7A17DF0D6900A4FB96 /* navigation.png in Resources */,
				E5F8CA7B17DF0D6900A4FB96 /* graph.png in Resources */,
				E5F8CA7C17DF0D6900A4FB96 /* compass.png in Resources */,
				E5F8CA7D17DF0D6900A4FB96 /* time.png in Resources */,
				E5F8CA7E17DF0D6900A4FB96 /* albums.png in Resources */,
				E5F8CA7F17DF0D6900A4FB96 /* video.png in Resources */,
				E5F8CA8017DF0D6900A4FB96 /* photo.png in Resources */,
			);
			runOnlyForDeploymentPostprocessing = 0;
		};
/* End PBXResourcesBuildPhase section */

/* Begin PBXShellScriptBuildPhase section */
		5AD5842C00CD41D989BE78A7 /* Check Pods Manifest.lock */ = {
			isa = PBXShellScriptBuildPhase;
			buildActionMask = 2147483647;
			files = (
			);
			inputPaths = (
			);
			name = "Check Pods Manifest.lock";
			outputPaths = (
			);
			runOnlyForDeploymentPostprocessing = 0;
			shellPath = /bin/sh;
			shellScript = "diff \"${PODS_ROOT}/../Podfile.lock\" \"${PODS_ROOT}/Manifest.lock\" > /dev/null\nif [[ $? != 0 ]] ; then\n    cat << EOM\nerror: The sandbox is not in sync with the Podfile.lock. Run 'pod install' or update your CocoaPods installation.\nEOM\n    exit 1\nfi\n";
		};
		DC4F125BA9BB41A9A245272B /* Copy Pods Resources */ = {
			isa = PBXShellScriptBuildPhase;
			buildActionMask = 2147483647;
			files = (
			);
			inputPaths = (
			);
			name = "Copy Pods Resources";
			outputPaths = (
			);
			runOnlyForDeploymentPostprocessing = 0;
			shellPath = /bin/sh;
			shellScript = "\"${SRCROOT}/Pods/Pods-resources.sh\"\n";
		};
/* End PBXShellScriptBuildPhase section */

/* Begin PBXSourcesBuildPhase section */
		E6CB3BFC17BDD580003FC378 /* Sources */ = {
			isa = PBXSourcesBuildPhase;
			buildActionMask = 2147483647;
			files = (
				E6CB3C1017BDD580003FC378 /* main.m in Sources */,
				E6CB3C1417BDD580003FC378 /* AppDelegate.m in Sources */,
				E5F89AF617CEEF61008DC419 /* CropPhotoViewController.m in Sources */,
				E5F89AF717CEEF61008DC419 /* FilterViewController.m in Sources */,
				E5F89AF817CEEF61008DC419 /* LogInViewController.m in Sources */,
				E5F89AF917CEEF61008DC419 /* MainMenuViewController.m in Sources */,
				E5F89AFA17CEEF61008DC419 /* RegisterViewController.m in Sources */,
				E5F89AFE17CEEF7F008DC419 /* BFCropInterface.m in Sources */,
				E5F89B0517CF5557008DC419 /* PhotoDetailsViewController.m in Sources */,
				E5E53A8917D03CC30098A916 /* BlurOverlayView.m in Sources */,
				E5D2065917D5CD27006D845A /* GVButton.m in Sources */,
				E5D206CE17D5DF0B006D845A /* GVBaseViewController.m in Sources */,
				E5D206D117D5E15E006D845A /* GVTableCell.m in Sources */,
				E5D206D617D5E381006D845A /* GVTextField.m in Sources */,
				E5951BB417D6BF760040E1D8 /* GVColor.m in Sources */,
				E5951BBC17D6C4E70040E1D8 /* SocialMediaAccountsController.m in Sources */,
				E5951BBF17D6CD610040E1D8 /* GVLabel.m in Sources */,
				E5951BC217D6DBA50040E1D8 /* SplashViewController.m in Sources */,
				E54160D317D73C3E00A51F17 /* TabBarViewController.m in Sources */,
				E54160D617D73CD600A51F17 /* CameraViewController.m in Sources */,
				E55A396A17DDB4A100DC172F /* ScoutViewController.m in Sources */,
				E5F8CA5517DEF52900A4FB96 /* PostPhotoViewController.m in Sources */,
				E5F8CA5817DEFA1600A4FB96 /* GVTextView.m in Sources */,
				E5F8CA8317DF1A8600A4FB96 /* AddActivityViewController.m in Sources */,
				E6B44E4D17E17084009E4DBA /* MapViewController.m in Sources */,
				E5561D3117EAAB02001C2161 /* GVNavButton.m in Sources */,
				E5561D3417EAE4FF001C2161 /* GVAFHTTPManager.m in Sources */,
				E501A38A17EBFE4B00753CA0 /* GVHTTPClient.m in Sources */,
				E5144FC717F011A40065C2A9 /* UIImage+Alpha.m in Sources */,
				E5144FC817F011A40065C2A9 /* UIImage+Resize.m in Sources */,
				E5144FC917F011A40065C2A9 /* UIImage+RoundedCorner.m in Sources */,
				E598631217F137FB00303954 /* UIImage+Scale.m in Sources */,
			);
			runOnlyForDeploymentPostprocessing = 0;
		};
/* End PBXSourcesBuildPhase section */

/* Begin PBXVariantGroup section */
		E6CB3C0C17BDD580003FC378 /* InfoPlist.strings */ = {
			isa = PBXVariantGroup;
			children = (
				E6CB3C0D17BDD580003FC378 /* en */,
			);
			name = InfoPlist.strings;
			sourceTree = "<group>";
		};
		E6CB3C1B17BDD580003FC378 /* MainStoryboard.storyboard */ = {
			isa = PBXVariantGroup;
			children = (
				E6CB3C1C17BDD580003FC378 /* en */,
			);
			name = MainStoryboard.storyboard;
			sourceTree = "<group>";
		};
/* End PBXVariantGroup section */

/* Begin XCBuildConfiguration section */
		E6CB3C2117BDD580003FC378 /* Debug */ = {
			isa = XCBuildConfiguration;
			buildSettings = {
				ALWAYS_SEARCH_USER_PATHS = NO;
				CLANG_CXX_LANGUAGE_STANDARD = "gnu++0x";
				CLANG_CXX_LIBRARY = "libc++";
				CLANG_ENABLE_OBJC_ARC = YES;
				CLANG_WARN_CONSTANT_CONVERSION = YES;
				CLANG_WARN_EMPTY_BODY = YES;
				CLANG_WARN_ENUM_CONVERSION = YES;
				CLANG_WARN_INT_CONVERSION = YES;
				CLANG_WARN__DUPLICATE_METHOD_MATCH = YES;
				CODE_SIGN_IDENTITY = "iPhone Developer: Elizer Dela Cruz (GS5WW53LN6)";
				"CODE_SIGN_IDENTITY[sdk=iphoneos*]" = "iPhone Developer: Elizer Dela Cruz (GS5WW53LN6)";
				COPY_PHASE_STRIP = NO;
				GCC_C_LANGUAGE_STANDARD = gnu99;
				GCC_DYNAMIC_NO_PIC = NO;
				GCC_OPTIMIZATION_LEVEL = 0;
				GCC_PREPROCESSOR_DEFINITIONS = (
					"DEBUG=1",
					"$(inherited)",
				);
				GCC_SYMBOLS_PRIVATE_EXTERN = NO;
				GCC_WARN_ABOUT_RETURN_TYPE = YES;
				GCC_WARN_UNINITIALIZED_AUTOS = YES;
				GCC_WARN_UNUSED_VARIABLE = YES;
				IPHONEOS_DEPLOYMENT_TARGET = 6.1;
				ONLY_ACTIVE_ARCH = YES;
				PROVISIONING_PROFILE = "06282A0C-45C4-409E-A7B5-F44BFA4DA496";
				"PROVISIONING_PROFILE[sdk=iphoneos*]" = "06282A0C-45C4-409E-A7B5-F44BFA4DA496";
				SDKROOT = iphoneos;
			};
			name = Debug;
		};
		E6CB3C2217BDD580003FC378 /* Release */ = {
			isa = XCBuildConfiguration;
			buildSettings = {
				ALWAYS_SEARCH_USER_PATHS = NO;
				CLANG_CXX_LANGUAGE_STANDARD = "gnu++0x";
				CLANG_CXX_LIBRARY = "libc++";
				CLANG_ENABLE_OBJC_ARC = YES;
				CLANG_WARN_CONSTANT_CONVERSION = YES;
				CLANG_WARN_EMPTY_BODY = YES;
				CLANG_WARN_ENUM_CONVERSION = YES;
				CLANG_WARN_INT_CONVERSION = YES;
				CLANG_WARN__DUPLICATE_METHOD_MATCH = YES;
				CODE_SIGN_IDENTITY = "iPhone Developer: Elizer Dela Cruz (GS5WW53LN6)";
				"CODE_SIGN_IDENTITY[sdk=iphoneos*]" = "iPhone Developer: Elizer Dela Cruz (GS5WW53LN6)";
				COPY_PHASE_STRIP = YES;
				GCC_C_LANGUAGE_STANDARD = gnu99;
				GCC_WARN_ABOUT_RETURN_TYPE = YES;
				GCC_WARN_UNINITIALIZED_AUTOS = YES;
				GCC_WARN_UNUSED_VARIABLE = YES;
				IPHONEOS_DEPLOYMENT_TARGET = 6.1;
				OTHER_CFLAGS = "-DNS_BLOCK_ASSERTIONS=1";
				PROVISIONING_PROFILE = "06282A0C-45C4-409E-A7B5-F44BFA4DA496";
				"PROVISIONING_PROFILE[sdk=iphoneos*]" = "06282A0C-45C4-409E-A7B5-F44BFA4DA496";
				SDKROOT = iphoneos;
				VALIDATE_PRODUCT = YES;
			};
			name = Release;
		};
		E6CB3C2417BDD580003FC378 /* Debug */ = {
			isa = XCBuildConfiguration;
			baseConfigurationReference = AB189CE549854FD58563ABC5 /* Pods.xcconfig */;
			buildSettings = {
				FRAMEWORK_SEARCH_PATHS = (
					"$(inherited)",
					"\"$(SRCROOT)\"",
				);
				GCC_PRECOMPILE_PREFIX_HEADER = YES;
				GCC_PREFIX_HEADER = "gravitly-ios/gravitly-ios-Prefix.pch";
				INFOPLIST_FILE = "gravitly-ios/gravitly-ios-Info.plist";
				PRODUCT_NAME = "$(TARGET_NAME)";
				WRAPPER_EXTENSION = app;
			};
			name = Debug;
		};
		E6CB3C2517BDD580003FC378 /* Release */ = {
			isa = XCBuildConfiguration;
			baseConfigurationReference = AB189CE549854FD58563ABC5 /* Pods.xcconfig */;
			buildSettings = {
				FRAMEWORK_SEARCH_PATHS = (
					"$(inherited)",
					"\"$(SRCROOT)\"",
				);
				GCC_PRECOMPILE_PREFIX_HEADER = YES;
				GCC_PREFIX_HEADER = "gravitly-ios/gravitly-ios-Prefix.pch";
				INFOPLIST_FILE = "gravitly-ios/gravitly-ios-Info.plist";
				PRODUCT_NAME = "$(TARGET_NAME)";
				WRAPPER_EXTENSION = app;
			};
			name = Release;
		};
/* End XCBuildConfiguration section */

/* Begin XCConfigurationList section */
		E6CB3BFB17BDD580003FC378 /* Build configuration list for PBXProject "gravitly-ios" */ = {
			isa = XCConfigurationList;
			buildConfigurations = (
				E6CB3C2117BDD580003FC378 /* Debug */,
				E6CB3C2217BDD580003FC378 /* Release */,
			);
			defaultConfigurationIsVisible = 0;
			defaultConfigurationName = Release;
		};
		E6CB3C2317BDD580003FC378 /* Build configuration list for PBXNativeTarget "gravitly-ios" */ = {
			isa = XCConfigurationList;
			buildConfigurations = (
				E6CB3C2417BDD580003FC378 /* Debug */,
				E6CB3C2517BDD580003FC378 /* Release */,
			);
			defaultConfigurationIsVisible = 0;
			defaultConfigurationName = Release;
		};
/* End XCConfigurationList section */
	};
	rootObject = E6CB3BF817BDD580003FC378 /* Project object */;
}
